
Microsoft Visual Studio Solution File, Format Version 12.00
# Visual Studio Version 16
VisualStudioVersion = 16.0.31402.337
MinimumVisualStudioVersion = 10.0.40219.1
Project("{8BC9CEB8-8B4A-11D0-8D11-00A0C91BC942}") = "HxT9", "HxT9\HxT9.vcxproj", "{980A11AF-44BB-41F1-AF7A-C19A36E4A77F}"
EndProject
Project("{8BC9CEB8-8B4A-11D0-8D11-00A0C91BC942}") = "Injector", "Injector\Injector.vcxproj", "{3EECAE30-2C34-431B-B6EA-2D7D7C59F9D2}"
EndProject
Project("{8BC9CEB8-8B4A-11D0-8D11-00A0C91BC942}") = "AutoInjector", "AutoInjector\AutoInjector.vcxproj", "{8493BD79-F024-4D03-A444-518824611E52}"
EndProject
Project("{FAE04EC0-301F-11D3-BF4B-00C04F79EFBC}") = "TxT_order_and_remove_doubles", "TxT_order_and_remove_doubles\TxT_order_and_remove_doubles.csproj", "{6F6BDB90-9339-4EA5-99B3-01B465EA6D99}"
EndProject
Project("{8BC9CEB8-8B4A-11D0-8D11-00A0C91BC942}") = "Offset Updater", "Offset Updater\Offset Updater.vcxproj", "{E3D00420-DB74-484E-8640-66B8F2F33A57}"
EndProject
Project("{9A19103F-16F7-4668-BE54-9A1E7A4F7556}") = "SigConverter", "SigConverter\SigConverter.csproj", "{623566AA-9171-4200-A3BE-BB54E26711FF}"
EndProject
Project("{8BC9CEB8-8B4A-11D0-8D11-00A0C91BC942}") = "DriverRW", "DriverRW\DriverRW.vcxproj", "{08589709-10A7-450B-992F-6D1367ED5552}"
EndProject
Global
	GlobalSection(SolutionConfigurationPlatforms) = preSolution
		Debug Kernel|Any CPU = Debug Kernel|Any CPU
		Debug Kernel|ARM = Debug Kernel|ARM
		Debug Kernel|ARM64 = Debug Kernel|ARM64
		Debug Kernel|x64 = Debug Kernel|x64
		Debug Kernel|x86 = Debug Kernel|x86
		Debug MD DLL|Any CPU = Debug MD DLL|Any CPU
		Debug MD DLL|ARM = Debug MD DLL|ARM
		Debug MD DLL|ARM64 = Debug MD DLL|ARM64
		Debug MD DLL|x64 = Debug MD DLL|x64
		Debug MD DLL|x86 = Debug MD DLL|x86
		Debug MD|Any CPU = Debug MD|Any CPU
		Debug MD|ARM = Debug MD|ARM
		Debug MD|ARM64 = Debug MD|ARM64
		Debug MD|x64 = Debug MD|x64
		Debug MD|x86 = Debug MD|x86
		Debug MT DLL|Any CPU = Debug MT DLL|Any CPU
		Debug MT DLL|ARM = Debug MT DLL|ARM
		Debug MT DLL|ARM64 = Debug MT DLL|ARM64
		Debug MT DLL|x64 = Debug MT DLL|x64
		Debug MT DLL|x86 = Debug MT DLL|x86
		Debug MT|Any CPU = Debug MT|Any CPU
		Debug MT|ARM = Debug MT|ARM
		Debug MT|ARM64 = Debug MT|ARM64
		Debug MT|x64 = Debug MT|x64
		Debug MT|x86 = Debug MT|x86
		Debug|Any CPU = Debug|Any CPU
		Debug|ARM = Debug|ARM
		Debug|ARM64 = Debug|ARM64
		Debug|x64 = Debug|x64
		Debug|x86 = Debug|x86
		Release Kernel|Any CPU = Release Kernel|Any CPU
		Release Kernel|ARM = Release Kernel|ARM
		Release Kernel|ARM64 = Release Kernel|ARM64
		Release Kernel|x64 = Release Kernel|x64
		Release Kernel|x86 = Release Kernel|x86
		Release MD DLL|Any CPU = Release MD DLL|Any CPU
		Release MD DLL|ARM = Release MD DLL|ARM
		Release MD DLL|ARM64 = Release MD DLL|ARM64
		Release MD DLL|x64 = Release MD DLL|x64
		Release MD DLL|x86 = Release MD DLL|x86
		Release MD|Any CPU = Release MD|Any CPU
		Release MD|ARM = Release MD|ARM
		Release MD|ARM64 = Release MD|ARM64
		Release MD|x64 = Release MD|x64
		Release MD|x86 = Release MD|x86
		Release MT DLL|Any CPU = Release MT DLL|Any CPU
		Release MT DLL|ARM = Release MT DLL|ARM
		Release MT DLL|ARM64 = Release MT DLL|ARM64
		Release MT DLL|x64 = Release MT DLL|x64
		Release MT DLL|x86 = Release MT DLL|x86
		Release MT|Any CPU = Release MT|Any CPU
		Release MT|ARM = Release MT|ARM
		Release MT|ARM64 = Release MT|ARM64
		Release MT|x64 = Release MT|x64
		Release MT|x86 = Release MT|x86
		Release|Any CPU = Release|Any CPU
		Release|ARM = Release|ARM
		Release|ARM64 = Release|ARM64
		Release|x64 = Release|x64
		Release|x86 = Release|x86
	EndGlobalSection
	GlobalSection(ProjectConfigurationPlatforms) = postSolution
		{980A11AF-44BB-41F1-AF7A-C19A36E4A77F}.Debug Kernel|Any CPU.ActiveCfg = Release|x64
		{980A11AF-44BB-41F1-AF7A-C19A36E4A77F}.Debug Kernel|Any CPU.Build.0 = Release|x64
		{980A11AF-44BB-41F1-AF7A-C19A36E4A77F}.Debug Kernel|ARM.ActiveCfg = Release|x64
		{980A11AF-44BB-41F1-AF7A-C19A36E4A77F}.Debug Kernel|ARM.Build.0 = Release|x64
		{980A11AF-44BB-41F1-AF7A-C19A36E4A77F}.Debug Kernel|ARM64.ActiveCfg = Release|x64
		{980A11AF-44BB-41F1-AF7A-C19A36E4A77F}.Debug Kernel|ARM64.Build.0 = Release|x64
		{980A11AF-44BB-41F1-AF7A-C19A36E4A77F}.Debug Kernel|x64.ActiveCfg = Debug|x64
		{980A11AF-44BB-41F1-AF7A-C19A36E4A77F}.Debug Kernel|x64.Build.0 = Debug|x64
		{980A11AF-44BB-41F1-AF7A-C19A36E4A77F}.Debug Kernel|x86.ActiveCfg = Debug|Win32
		{980A11AF-44BB-41F1-AF7A-C19A36E4A77F}.Debug Kernel|x86.Build.0 = Debug|Win32
		{980A11AF-44BB-41F1-AF7A-C19A36E4A77F}.Debug MD DLL|Any CPU.ActiveCfg = Release|Win32
		{980A11AF-44BB-41F1-AF7A-C19A36E4A77F}.Debug MD DLL|Any CPU.Build.0 = Release|Win32
		{980A11AF-44BB-41F1-AF7A-C19A36E4A77F}.Debug MD DLL|ARM.ActiveCfg = Release|Win32
		{980A11AF-44BB-41F1-AF7A-C19A36E4A77F}.Debug MD DLL|ARM.Build.0 = Release|Win32
		{980A11AF-44BB-41F1-AF7A-C19A36E4A77F}.Debug MD DLL|ARM64.ActiveCfg = Release|Win32
		{980A11AF-44BB-41F1-AF7A-C19A36E4A77F}.Debug MD DLL|ARM64.Build.0 = Release|Win32
		{980A11AF-44BB-41F1-AF7A-C19A36E4A77F}.Debug MD DLL|x64.ActiveCfg = Debug|x64
		{980A11AF-44BB-41F1-AF7A-C19A36E4A77F}.Debug MD DLL|x64.Build.0 = Debug|x64
		{980A11AF-44BB-41F1-AF7A-C19A36E4A77F}.Debug MD DLL|x86.ActiveCfg = Debug|Win32
		{980A11AF-44BB-41F1-AF7A-C19A36E4A77F}.Debug MD DLL|x86.Build.0 = Debug|Win32
		{980A11AF-44BB-41F1-AF7A-C19A36E4A77F}.Debug MD|Any CPU.ActiveCfg = Release|Win32
		{980A11AF-44BB-41F1-AF7A-C19A36E4A77F}.Debug MD|Any CPU.Build.0 = Release|Win32
		{980A11AF-44BB-41F1-AF7A-C19A36E4A77F}.Debug MD|ARM.ActiveCfg = Release|Win32
		{980A11AF-44BB-41F1-AF7A-C19A36E4A77F}.Debug MD|ARM.Build.0 = Release|Win32
		{980A11AF-44BB-41F1-AF7A-C19A36E4A77F}.Debug MD|ARM64.ActiveCfg = Release|Win32
		{980A11AF-44BB-41F1-AF7A-C19A36E4A77F}.Debug MD|ARM64.Build.0 = Release|Win32
		{980A11AF-44BB-41F1-AF7A-C19A36E4A77F}.Debug MD|x64.ActiveCfg = Debug|x64
		{980A11AF-44BB-41F1-AF7A-C19A36E4A77F}.Debug MD|x64.Build.0 = Debug|x64
		{980A11AF-44BB-41F1-AF7A-C19A36E4A77F}.Debug MD|x86.ActiveCfg = Debug|Win32
		{980A11AF-44BB-41F1-AF7A-C19A36E4A77F}.Debug MD|x86.Build.0 = Debug|Win32
		{980A11AF-44BB-41F1-AF7A-C19A36E4A77F}.Debug MT DLL|Any CPU.ActiveCfg = Release|Win32
		{980A11AF-44BB-41F1-AF7A-C19A36E4A77F}.Debug MT DLL|Any CPU.Build.0 = Release|Win32
		{980A11AF-44BB-41F1-AF7A-C19A36E4A77F}.Debug MT DLL|ARM.ActiveCfg = Release|Win32
		{980A11AF-44BB-41F1-AF7A-C19A36E4A77F}.Debug MT DLL|ARM.Build.0 = Release|Win32
		{980A11AF-44BB-41F1-AF7A-C19A36E4A77F}.Debug MT DLL|ARM64.ActiveCfg = Release|Win32
		{980A11AF-44BB-41F1-AF7A-C19A36E4A77F}.Debug MT DLL|ARM64.Build.0 = Release|Win32
		{980A11AF-44BB-41F1-AF7A-C19A36E4A77F}.Debug MT DLL|x64.ActiveCfg = Debug|x64
		{980A11AF-44BB-41F1-AF7A-C19A36E4A77F}.Debug MT DLL|x64.Build.0 = Debug|x64
		{980A11AF-44BB-41F1-AF7A-C19A36E4A77F}.Debug MT DLL|x86.ActiveCfg = Debug|Win32
		{980A11AF-44BB-41F1-AF7A-C19A36E4A77F}.Debug MT DLL|x86.Build.0 = Debug|Win32
		{980A11AF-44BB-41F1-AF7A-C19A36E4A77F}.Debug MT|Any CPU.ActiveCfg = Release|Win32
		{980A11AF-44BB-41F1-AF7A-C19A36E4A77F}.Debug MT|Any CPU.Build.0 = Release|Win32
		{980A11AF-44BB-41F1-AF7A-C19A36E4A77F}.Debug MT|ARM.ActiveCfg = Release|Win32
		{980A11AF-44BB-41F1-AF7A-C19A36E4A77F}.Debug MT|ARM.Build.0 = Release|Win32
		{980A11AF-44BB-41F1-AF7A-C19A36E4A77F}.Debug MT|ARM64.ActiveCfg = Release|Win32
		{980A11AF-44BB-41F1-AF7A-C19A36E4A77F}.Debug MT|ARM64.Build.0 = Release|Win32
		{980A11AF-44BB-41F1-AF7A-C19A36E4A77F}.Debug MT|x64.ActiveCfg = Debug|x64
		{980A11AF-44BB-41F1-AF7A-C19A36E4A77F}.Debug MT|x64.Build.0 = Debug|x64
		{980A11AF-44BB-41F1-AF7A-C19A36E4A77F}.Debug MT|x86.ActiveCfg = Debug|Win32
		{980A11AF-44BB-41F1-AF7A-C19A36E4A77F}.Debug MT|x86.Build.0 = Debug|Win32
		{980A11AF-44BB-41F1-AF7A-C19A36E4A77F}.Debug|Any CPU.ActiveCfg = Debug|Win32
		{980A11AF-44BB-41F1-AF7A-C19A36E4A77F}.Debug|ARM.ActiveCfg = Debug|Win32
		{980A11AF-44BB-41F1-AF7A-C19A36E4A77F}.Debug|ARM64.ActiveCfg = Debug|Win32
		{980A11AF-44BB-41F1-AF7A-C19A36E4A77F}.Debug|x64.ActiveCfg = Debug|x64
		{980A11AF-44BB-41F1-AF7A-C19A36E4A77F}.Debug|x64.Build.0 = Debug|x64
		{980A11AF-44BB-41F1-AF7A-C19A36E4A77F}.Debug|x86.ActiveCfg = Debug|Win32
		{980A11AF-44BB-41F1-AF7A-C19A36E4A77F}.Debug|x86.Build.0 = Debug|Win32
		{980A11AF-44BB-41F1-AF7A-C19A36E4A77F}.Release Kernel|Any CPU.ActiveCfg = Release|x64
		{980A11AF-44BB-41F1-AF7A-C19A36E4A77F}.Release Kernel|Any CPU.Build.0 = Release|x64
		{980A11AF-44BB-41F1-AF7A-C19A36E4A77F}.Release Kernel|ARM.ActiveCfg = Release|x64
		{980A11AF-44BB-41F1-AF7A-C19A36E4A77F}.Release Kernel|ARM.Build.0 = Release|x64
		{980A11AF-44BB-41F1-AF7A-C19A36E4A77F}.Release Kernel|ARM64.ActiveCfg = Release|x64
		{980A11AF-44BB-41F1-AF7A-C19A36E4A77F}.Release Kernel|ARM64.Build.0 = Release|x64
		{980A11AF-44BB-41F1-AF7A-C19A36E4A77F}.Release Kernel|x64.ActiveCfg = Release|x64
		{980A11AF-44BB-41F1-AF7A-C19A36E4A77F}.Release Kernel|x64.Build.0 = Release|x64
		{980A11AF-44BB-41F1-AF7A-C19A36E4A77F}.Release Kernel|x86.ActiveCfg = Release|Win32
		{980A11AF-44BB-41F1-AF7A-C19A36E4A77F}.Release Kernel|x86.Build.0 = Release|Win32
		{980A11AF-44BB-41F1-AF7A-C19A36E4A77F}.Release MD DLL|Any CPU.ActiveCfg = Release|Win32
		{980A11AF-44BB-41F1-AF7A-C19A36E4A77F}.Release MD DLL|Any CPU.Build.0 = Release|Win32
		{980A11AF-44BB-41F1-AF7A-C19A36E4A77F}.Release MD DLL|ARM.ActiveCfg = Release|Win32
		{980A11AF-44BB-41F1-AF7A-C19A36E4A77F}.Release MD DLL|ARM.Build.0 = Release|Win32
		{980A11AF-44BB-41F1-AF7A-C19A36E4A77F}.Release MD DLL|ARM64.ActiveCfg = Release|Win32
		{980A11AF-44BB-41F1-AF7A-C19A36E4A77F}.Release MD DLL|ARM64.Build.0 = Release|Win32
		{980A11AF-44BB-41F1-AF7A-C19A36E4A77F}.Release MD DLL|x64.ActiveCfg = Release|x64
		{980A11AF-44BB-41F1-AF7A-C19A36E4A77F}.Release MD DLL|x64.Build.0 = Release|x64
		{980A11AF-44BB-41F1-AF7A-C19A36E4A77F}.Release MD DLL|x86.ActiveCfg = Release|Win32
		{980A11AF-44BB-41F1-AF7A-C19A36E4A77F}.Release MD DLL|x86.Build.0 = Release|Win32
		{980A11AF-44BB-41F1-AF7A-C19A36E4A77F}.Release MD|Any CPU.ActiveCfg = Release|Win32
		{980A11AF-44BB-41F1-AF7A-C19A36E4A77F}.Release MD|Any CPU.Build.0 = Release|Win32
		{980A11AF-44BB-41F1-AF7A-C19A36E4A77F}.Release MD|ARM.ActiveCfg = Release|Win32
		{980A11AF-44BB-41F1-AF7A-C19A36E4A77F}.Release MD|ARM.Build.0 = Release|Win32
		{980A11AF-44BB-41F1-AF7A-C19A36E4A77F}.Release MD|ARM64.ActiveCfg = Release|Win32
		{980A11AF-44BB-41F1-AF7A-C19A36E4A77F}.Release MD|ARM64.Build.0 = Release|Win32
		{980A11AF-44BB-41F1-AF7A-C19A36E4A77F}.Release MD|x64.ActiveCfg = Release|x64
		{980A11AF-44BB-41F1-AF7A-C19A36E4A77F}.Release MD|x64.Build.0 = Release|x64
		{980A11AF-44BB-41F1-AF7A-C19A36E4A77F}.Release MD|x86.ActiveCfg = Release|Win32
		{980A11AF-44BB-41F1-AF7A-C19A36E4A77F}.Release MD|x86.Build.0 = Release|Win32
		{980A11AF-44BB-41F1-AF7A-C19A36E4A77F}.Release MT DLL|Any CPU.ActiveCfg = Release|Win32
		{980A11AF-44BB-41F1-AF7A-C19A36E4A77F}.Release MT DLL|Any CPU.Build.0 = Release|Win32
		{980A11AF-44BB-41F1-AF7A-C19A36E4A77F}.Release MT DLL|ARM.ActiveCfg = Release|Win32
		{980A11AF-44BB-41F1-AF7A-C19A36E4A77F}.Release MT DLL|ARM.Build.0 = Release|Win32
		{980A11AF-44BB-41F1-AF7A-C19A36E4A77F}.Release MT DLL|ARM64.ActiveCfg = Release|Win32
		{980A11AF-44BB-41F1-AF7A-C19A36E4A77F}.Release MT DLL|ARM64.Build.0 = Release|Win32
		{980A11AF-44BB-41F1-AF7A-C19A36E4A77F}.Release MT DLL|x64.ActiveCfg = Release|x64
		{980A11AF-44BB-41F1-AF7A-C19A36E4A77F}.Release MT DLL|x64.Build.0 = Release|x64
		{980A11AF-44BB-41F1-AF7A-C19A36E4A77F}.Release MT DLL|x86.ActiveCfg = Release|Win32
		{980A11AF-44BB-41F1-AF7A-C19A36E4A77F}.Release MT DLL|x86.Build.0 = Release|Win32
		{980A11AF-44BB-41F1-AF7A-C19A36E4A77F}.Release MT|Any CPU.ActiveCfg = Release|Win32
		{980A11AF-44BB-41F1-AF7A-C19A36E4A77F}.Release MT|Any CPU.Build.0 = Release|Win32
		{980A11AF-44BB-41F1-AF7A-C19A36E4A77F}.Release MT|ARM.ActiveCfg = Release|Win32
		{980A11AF-44BB-41F1-AF7A-C19A36E4A77F}.Release MT|ARM.Build.0 = Release|Win32
		{980A11AF-44BB-41F1-AF7A-C19A36E4A77F}.Release MT|ARM64.ActiveCfg = Release|Win32
		{980A11AF-44BB-41F1-AF7A-C19A36E4A77F}.Release MT|ARM64.Build.0 = Release|Win32
		{980A11AF-44BB-41F1-AF7A-C19A36E4A77F}.Release MT|x64.ActiveCfg = Release|x64
		{980A11AF-44BB-41F1-AF7A-C19A36E4A77F}.Release MT|x64.Build.0 = Release|x64
		{980A11AF-44BB-41F1-AF7A-C19A36E4A77F}.Release MT|x86.ActiveCfg = Release|Win32
		{980A11AF-44BB-41F1-AF7A-C19A36E4A77F}.Release MT|x86.Build.0 = Release|Win32
		{980A11AF-44BB-41F1-AF7A-C19A36E4A77F}.Release|Any CPU.ActiveCfg = Release|Win32
		{980A11AF-44BB-41F1-AF7A-C19A36E4A77F}.Release|Any CPU.Build.0 = Release|Win32
		{980A11AF-44BB-41F1-AF7A-C19A36E4A77F}.Release|ARM.ActiveCfg = Release|Win32
		{980A11AF-44BB-41F1-AF7A-C19A36E4A77F}.Release|ARM64.ActiveCfg = Release|Win32
		{980A11AF-44BB-41F1-AF7A-C19A36E4A77F}.Release|x64.ActiveCfg = Release|x64
		{980A11AF-44BB-41F1-AF7A-C19A36E4A77F}.Release|x64.Build.0 = Release|x64
		{980A11AF-44BB-41F1-AF7A-C19A36E4A77F}.Release|x86.ActiveCfg = Release|Win32
		{980A11AF-44BB-41F1-AF7A-C19A36E4A77F}.Release|x86.Build.0 = Release|Win32
		{3EECAE30-2C34-431B-B6EA-2D7D7C59F9D2}.Debug Kernel|Any CPU.ActiveCfg = Release|x64
		{3EECAE30-2C34-431B-B6EA-2D7D7C59F9D2}.Debug Kernel|Any CPU.Build.0 = Release|x64
		{3EECAE30-2C34-431B-B6EA-2D7D7C59F9D2}.Debug Kernel|ARM.ActiveCfg = Release|x64
		{3EECAE30-2C34-431B-B6EA-2D7D7C59F9D2}.Debug Kernel|ARM.Build.0 = Release|x64
		{3EECAE30-2C34-431B-B6EA-2D7D7C59F9D2}.Debug Kernel|ARM64.ActiveCfg = Release|x64
		{3EECAE30-2C34-431B-B6EA-2D7D7C59F9D2}.Debug Kernel|ARM64.Build.0 = Release|x64
		{3EECAE30-2C34-431B-B6EA-2D7D7C59F9D2}.Debug Kernel|x64.ActiveCfg = Debug|x64
		{3EECAE30-2C34-431B-B6EA-2D7D7C59F9D2}.Debug Kernel|x64.Build.0 = Debug|x64
		{3EECAE30-2C34-431B-B6EA-2D7D7C59F9D2}.Debug Kernel|x86.ActiveCfg = Debug|Win32
		{3EECAE30-2C34-431B-B6EA-2D7D7C59F9D2}.Debug Kernel|x86.Build.0 = Debug|Win32
		{3EECAE30-2C34-431B-B6EA-2D7D7C59F9D2}.Debug MD DLL|Any CPU.ActiveCfg = Release|Win32
		{3EECAE30-2C34-431B-B6EA-2D7D7C59F9D2}.Debug MD DLL|Any CPU.Build.0 = Release|Win32
		{3EECAE30-2C34-431B-B6EA-2D7D7C59F9D2}.Debug MD DLL|ARM.ActiveCfg = Release|Win32
		{3EECAE30-2C34-431B-B6EA-2D7D7C59F9D2}.Debug MD DLL|ARM.Build.0 = Release|Win32
		{3EECAE30-2C34-431B-B6EA-2D7D7C59F9D2}.Debug MD DLL|ARM64.ActiveCfg = Release|Win32
		{3EECAE30-2C34-431B-B6EA-2D7D7C59F9D2}.Debug MD DLL|ARM64.Build.0 = Release|Win32
		{3EECAE30-2C34-431B-B6EA-2D7D7C59F9D2}.Debug MD DLL|x64.ActiveCfg = Debug|x64
		{3EECAE30-2C34-431B-B6EA-2D7D7C59F9D2}.Debug MD DLL|x64.Build.0 = Debug|x64
		{3EECAE30-2C34-431B-B6EA-2D7D7C59F9D2}.Debug MD DLL|x86.ActiveCfg = Debug|Win32
		{3EECAE30-2C34-431B-B6EA-2D7D7C59F9D2}.Debug MD DLL|x86.Build.0 = Debug|Win32
		{3EECAE30-2C34-431B-B6EA-2D7D7C59F9D2}.Debug MD|Any CPU.ActiveCfg = Release|Win32
		{3EECAE30-2C34-431B-B6EA-2D7D7C59F9D2}.Debug MD|Any CPU.Build.0 = Release|Win32
		{3EECAE30-2C34-431B-B6EA-2D7D7C59F9D2}.Debug MD|ARM.ActiveCfg = Release|Win32
		{3EECAE30-2C34-431B-B6EA-2D7D7C59F9D2}.Debug MD|ARM.Build.0 = Release|Win32
		{3EECAE30-2C34-431B-B6EA-2D7D7C59F9D2}.Debug MD|ARM64.ActiveCfg = Release|Win32
		{3EECAE30-2C34-431B-B6EA-2D7D7C59F9D2}.Debug MD|ARM64.Build.0 = Release|Win32
		{3EECAE30-2C34-431B-B6EA-2D7D7C59F9D2}.Debug MD|x64.ActiveCfg = Debug|x64
		{3EECAE30-2C34-431B-B6EA-2D7D7C59F9D2}.Debug MD|x64.Build.0 = Debug|x64
		{3EECAE30-2C34-431B-B6EA-2D7D7C59F9D2}.Debug MD|x86.ActiveCfg = Debug|Win32
		{3EECAE30-2C34-431B-B6EA-2D7D7C59F9D2}.Debug MD|x86.Build.0 = Debug|Win32
		{3EECAE30-2C34-431B-B6EA-2D7D7C59F9D2}.Debug MT DLL|Any CPU.ActiveCfg = Release|Win32
		{3EECAE30-2C34-431B-B6EA-2D7D7C59F9D2}.Debug MT DLL|Any CPU.Build.0 = Release|Win32
		{3EECAE30-2C34-431B-B6EA-2D7D7C59F9D2}.Debug MT DLL|ARM.ActiveCfg = Release|Win32
		{3EECAE30-2C34-431B-B6EA-2D7D7C59F9D2}.Debug MT DLL|ARM.Build.0 = Release|Win32
		{3EECAE30-2C34-431B-B6EA-2D7D7C59F9D2}.Debug MT DLL|ARM64.ActiveCfg = Release|Win32
		{3EECAE30-2C34-431B-B6EA-2D7D7C59F9D2}.Debug MT DLL|ARM64.Build.0 = Release|Win32
		{3EECAE30-2C34-431B-B6EA-2D7D7C59F9D2}.Debug MT DLL|x64.ActiveCfg = Debug|x64
		{3EECAE30-2C34-431B-B6EA-2D7D7C59F9D2}.Debug MT DLL|x64.Build.0 = Debug|x64
		{3EECAE30-2C34-431B-B6EA-2D7D7C59F9D2}.Debug MT DLL|x86.ActiveCfg = Debug|Win32
		{3EECAE30-2C34-431B-B6EA-2D7D7C59F9D2}.Debug MT DLL|x86.Build.0 = Debug|Win32
		{3EECAE30-2C34-431B-B6EA-2D7D7C59F9D2}.Debug MT|Any CPU.ActiveCfg = Release|Win32
		{3EECAE30-2C34-431B-B6EA-2D7D7C59F9D2}.Debug MT|Any CPU.Build.0 = Release|Win32
		{3EECAE30-2C34-431B-B6EA-2D7D7C59F9D2}.Debug MT|ARM.ActiveCfg = Release|Win32
		{3EECAE30-2C34-431B-B6EA-2D7D7C59F9D2}.Debug MT|ARM.Build.0 = Release|Win32
		{3EECAE30-2C34-431B-B6EA-2D7D7C59F9D2}.Debug MT|ARM64.ActiveCfg = Release|Win32
		{3EECAE30-2C34-431B-B6EA-2D7D7C59F9D2}.Debug MT|ARM64.Build.0 = Release|Win32
		{3EECAE30-2C34-431B-B6EA-2D7D7C59F9D2}.Debug MT|x64.ActiveCfg = Debug|x64
		{3EECAE30-2C34-431B-B6EA-2D7D7C59F9D2}.Debug MT|x64.Build.0 = Debug|x64
		{3EECAE30-2C34-431B-B6EA-2D7D7C59F9D2}.Debug MT|x86.ActiveCfg = Debug|Win32
		{3EECAE30-2C34-431B-B6EA-2D7D7C59F9D2}.Debug MT|x86.Build.0 = Debug|Win32
		{3EECAE30-2C34-431B-B6EA-2D7D7C59F9D2}.Debug|Any CPU.ActiveCfg = Debug|Win32
		{3EECAE30-2C34-431B-B6EA-2D7D7C59F9D2}.Debug|ARM.ActiveCfg = Debug|Win32
		{3EECAE30-2C34-431B-B6EA-2D7D7C59F9D2}.Debug|ARM64.ActiveCfg = Debug|Win32
		{3EECAE30-2C34-431B-B6EA-2D7D7C59F9D2}.Debug|x64.ActiveCfg = Debug|x64
		{3EECAE30-2C34-431B-B6EA-2D7D7C59F9D2}.Debug|x64.Build.0 = Debug|x64
		{3EECAE30-2C34-431B-B6EA-2D7D7C59F9D2}.Debug|x86.ActiveCfg = Debug|Win32
		{3EECAE30-2C34-431B-B6EA-2D7D7C59F9D2}.Debug|x86.Build.0 = Debug|Win32
		{3EECAE30-2C34-431B-B6EA-2D7D7C59F9D2}.Release Kernel|Any CPU.ActiveCfg = Release|x64
		{3EECAE30-2C34-431B-B6EA-2D7D7C59F9D2}.Release Kernel|Any CPU.Build.0 = Release|x64
		{3EECAE30-2C34-431B-B6EA-2D7D7C59F9D2}.Release Kernel|ARM.ActiveCfg = Release|x64
		{3EECAE30-2C34-431B-B6EA-2D7D7C59F9D2}.Release Kernel|ARM.Build.0 = Release|x64
		{3EECAE30-2C34-431B-B6EA-2D7D7C59F9D2}.Release Kernel|ARM64.ActiveCfg = Release|x64
		{3EECAE30-2C34-431B-B6EA-2D7D7C59F9D2}.Release Kernel|ARM64.Build.0 = Release|x64
		{3EECAE30-2C34-431B-B6EA-2D7D7C59F9D2}.Release Kernel|x64.ActiveCfg = Release|x64
		{3EECAE30-2C34-431B-B6EA-2D7D7C59F9D2}.Release Kernel|x64.Build.0 = Release|x64
		{3EECAE30-2C34-431B-B6EA-2D7D7C59F9D2}.Release Kernel|x86.ActiveCfg = Release|Win32
		{3EECAE30-2C34-431B-B6EA-2D7D7C59F9D2}.Release Kernel|x86.Build.0 = Release|Win32
		{3EECAE30-2C34-431B-B6EA-2D7D7C59F9D2}.Release MD DLL|Any CPU.ActiveCfg = Release|Win32
		{3EECAE30-2C34-431B-B6EA-2D7D7C59F9D2}.Release MD DLL|Any CPU.Build.0 = Release|Win32
		{3EECAE30-2C34-431B-B6EA-2D7D7C59F9D2}.Release MD DLL|ARM.ActiveCfg = Release|Win32
		{3EECAE30-2C34-431B-B6EA-2D7D7C59F9D2}.Release MD DLL|ARM.Build.0 = Release|Win32
		{3EECAE30-2C34-431B-B6EA-2D7D7C59F9D2}.Release MD DLL|ARM64.ActiveCfg = Release|Win32
		{3EECAE30-2C34-431B-B6EA-2D7D7C59F9D2}.Release MD DLL|ARM64.Build.0 = Release|Win32
		{3EECAE30-2C34-431B-B6EA-2D7D7C59F9D2}.Release MD DLL|x64.ActiveCfg = Release|x64
		{3EECAE30-2C34-431B-B6EA-2D7D7C59F9D2}.Release MD DLL|x64.Build.0 = Release|x64
		{3EECAE30-2C34-431B-B6EA-2D7D7C59F9D2}.Release MD DLL|x86.ActiveCfg = Release|Win32
		{3EECAE30-2C34-431B-B6EA-2D7D7C59F9D2}.Release MD DLL|x86.Build.0 = Release|Win32
		{3EECAE30-2C34-431B-B6EA-2D7D7C59F9D2}.Release MD|Any CPU.ActiveCfg = Release|Win32
		{3EECAE30-2C34-431B-B6EA-2D7D7C59F9D2}.Release MD|Any CPU.Build.0 = Release|Win32
		{3EECAE30-2C34-431B-B6EA-2D7D7C59F9D2}.Release MD|ARM.ActiveCfg = Release|Win32
		{3EECAE30-2C34-431B-B6EA-2D7D7C59F9D2}.Release MD|ARM.Build.0 = Release|Win32
		{3EECAE30-2C34-431B-B6EA-2D7D7C59F9D2}.Release MD|ARM64.ActiveCfg = Release|Win32
		{3EECAE30-2C34-431B-B6EA-2D7D7C59F9D2}.Release MD|ARM64.Build.0 = Release|Win32
		{3EECAE30-2C34-431B-B6EA-2D7D7C59F9D2}.Release MD|x64.ActiveCfg = Release|x64
		{3EECAE30-2C34-431B-B6EA-2D7D7C59F9D2}.Release MD|x64.Build.0 = Release|x64
		{3EECAE30-2C34-431B-B6EA-2D7D7C59F9D2}.Release MD|x86.ActiveCfg = Release|Win32
		{3EECAE30-2C34-431B-B6EA-2D7D7C59F9D2}.Release MD|x86.Build.0 = Release|Win32
		{3EECAE30-2C34-431B-B6EA-2D7D7C59F9D2}.Release MT DLL|Any CPU.ActiveCfg = Release|Win32
		{3EECAE30-2C34-431B-B6EA-2D7D7C59F9D2}.Release MT DLL|Any CPU.Build.0 = Release|Win32
		{3EECAE30-2C34-431B-B6EA-2D7D7C59F9D2}.Release MT DLL|ARM.ActiveCfg = Release|Win32
		{3EECAE30-2C34-431B-B6EA-2D7D7C59F9D2}.Release MT DLL|ARM.Build.0 = Release|Win32
		{3EECAE30-2C34-431B-B6EA-2D7D7C59F9D2}.Release MT DLL|ARM64.ActiveCfg = Release|Win32
		{3EECAE30-2C34-431B-B6EA-2D7D7C59F9D2}.Release MT DLL|ARM64.Build.0 = Release|Win32
		{3EECAE30-2C34-431B-B6EA-2D7D7C59F9D2}.Release MT DLL|x64.ActiveCfg = Release|x64
		{3EECAE30-2C34-431B-B6EA-2D7D7C59F9D2}.Release MT DLL|x64.Build.0 = Release|x64
		{3EECAE30-2C34-431B-B6EA-2D7D7C59F9D2}.Release MT DLL|x86.ActiveCfg = Release|Win32
		{3EECAE30-2C34-431B-B6EA-2D7D7C59F9D2}.Release MT DLL|x86.Build.0 = Release|Win32
		{3EECAE30-2C34-431B-B6EA-2D7D7C59F9D2}.Release MT|Any CPU.ActiveCfg = Release|Win32
		{3EECAE30-2C34-431B-B6EA-2D7D7C59F9D2}.Release MT|Any CPU.Build.0 = Release|Win32
		{3EECAE30-2C34-431B-B6EA-2D7D7C59F9D2}.Release MT|ARM.ActiveCfg = Release|Win32
		{3EECAE30-2C34-431B-B6EA-2D7D7C59F9D2}.Release MT|ARM.Build.0 = Release|Win32
		{3EECAE30-2C34-431B-B6EA-2D7D7C59F9D2}.Release MT|ARM64.ActiveCfg = Release|Win32
		{3EECAE30-2C34-431B-B6EA-2D7D7C59F9D2}.Release MT|ARM64.Build.0 = Release|Win32
		{3EECAE30-2C34-431B-B6EA-2D7D7C59F9D2}.Release MT|x64.ActiveCfg = Release|x64
		{3EECAE30-2C34-431B-B6EA-2D7D7C59F9D2}.Release MT|x64.Build.0 = Release|x64
		{3EECAE30-2C34-431B-B6EA-2D7D7C59F9D2}.Release MT|x86.ActiveCfg = Release|Win32
		{3EECAE30-2C34-431B-B6EA-2D7D7C59F9D2}.Release MT|x86.Build.0 = Release|Win32
		{3EECAE30-2C34-431B-B6EA-2D7D7C59F9D2}.Release|Any CPU.ActiveCfg = Release|Win32
		{3EECAE30-2C34-431B-B6EA-2D7D7C59F9D2}.Release|Any CPU.Build.0 = Release|Win32
		{3EECAE30-2C34-431B-B6EA-2D7D7C59F9D2}.Release|ARM.ActiveCfg = Release|Win32
		{3EECAE30-2C34-431B-B6EA-2D7D7C59F9D2}.Release|ARM64.ActiveCfg = Release|Win32
		{3EECAE30-2C34-431B-B6EA-2D7D7C59F9D2}.Release|x64.ActiveCfg = Release|x64
		{3EECAE30-2C34-431B-B6EA-2D7D7C59F9D2}.Release|x64.Build.0 = Release|x64
		{3EECAE30-2C34-431B-B6EA-2D7D7C59F9D2}.Release|x86.ActiveCfg = Release|Win32
		{3EECAE30-2C34-431B-B6EA-2D7D7C59F9D2}.Release|x86.Build.0 = Release|Win32
		{8493BD79-F024-4D03-A444-518824611E52}.Debug Kernel|Any CPU.ActiveCfg = Release|x64
		{8493BD79-F024-4D03-A444-518824611E52}.Debug Kernel|Any CPU.Build.0 = Release|x64
		{8493BD79-F024-4D03-A444-518824611E52}.Debug Kernel|ARM.ActiveCfg = Release|x64
		{8493BD79-F024-4D03-A444-518824611E52}.Debug Kernel|ARM.Build.0 = Release|x64
		{8493BD79-F024-4D03-A444-518824611E52}.Debug Kernel|ARM64.ActiveCfg = Release|x64
		{8493BD79-F024-4D03-A444-518824611E52}.Debug Kernel|ARM64.Build.0 = Release|x64
		{8493BD79-F024-4D03-A444-518824611E52}.Debug Kernel|x64.ActiveCfg = Debug|x64
		{8493BD79-F024-4D03-A444-518824611E52}.Debug Kernel|x64.Build.0 = Debug|x64
		{8493BD79-F024-4D03-A444-518824611E52}.Debug Kernel|x86.ActiveCfg = Debug|Win32
		{8493BD79-F024-4D03-A444-518824611E52}.Debug Kernel|x86.Build.0 = Debug|Win32
		{8493BD79-F024-4D03-A444-518824611E52}.Debug MD DLL|Any CPU.ActiveCfg = Release|Win32
		{8493BD79-F024-4D03-A444-518824611E52}.Debug MD DLL|Any CPU.Build.0 = Release|Win32
		{8493BD79-F024-4D03-A444-518824611E52}.Debug MD DLL|ARM.ActiveCfg = Release|Win32
		{8493BD79-F024-4D03-A444-518824611E52}.Debug MD DLL|ARM.Build.0 = Release|Win32
		{8493BD79-F024-4D03-A444-518824611E52}.Debug MD DLL|ARM64.ActiveCfg = Release|Win32
		{8493BD79-F024-4D03-A444-518824611E52}.Debug MD DLL|ARM64.Build.0 = Release|Win32
		{8493BD79-F024-4D03-A444-518824611E52}.Debug MD DLL|x64.ActiveCfg = Debug|x64
		{8493BD79-F024-4D03-A444-518824611E52}.Debug MD DLL|x64.Build.0 = Debug|x64
		{8493BD79-F024-4D03-A444-518824611E52}.Debug MD DLL|x86.ActiveCfg = Debug|Win32
		{8493BD79-F024-4D03-A444-518824611E52}.Debug MD DLL|x86.Build.0 = Debug|Win32
		{8493BD79-F024-4D03-A444-518824611E52}.Debug MD|Any CPU.ActiveCfg = Release|Win32
		{8493BD79-F024-4D03-A444-518824611E52}.Debug MD|Any CPU.Build.0 = Release|Win32
		{8493BD79-F024-4D03-A444-518824611E52}.Debug MD|ARM.ActiveCfg = Release|Win32
		{8493BD79-F024-4D03-A444-518824611E52}.Debug MD|ARM.Build.0 = Release|Win32
		{8493BD79-F024-4D03-A444-518824611E52}.Debug MD|ARM64.ActiveCfg = Release|Win32
		{8493BD79-F024-4D03-A444-518824611E52}.Debug MD|ARM64.Build.0 = Release|Win32
		{8493BD79-F024-4D03-A444-518824611E52}.Debug MD|x64.ActiveCfg = Debug|x64
		{8493BD79-F024-4D03-A444-518824611E52}.Debug MD|x64.Build.0 = Debug|x64
		{8493BD79-F024-4D03-A444-518824611E52}.Debug MD|x86.ActiveCfg = Debug|Win32
		{8493BD79-F024-4D03-A444-518824611E52}.Debug MD|x86.Build.0 = Debug|Win32
		{8493BD79-F024-4D03-A444-518824611E52}.Debug MT DLL|Any CPU.ActiveCfg = Release|Win32
		{8493BD79-F024-4D03-A444-518824611E52}.Debug MT DLL|Any CPU.Build.0 = Release|Win32
		{8493BD79-F024-4D03-A444-518824611E52}.Debug MT DLL|ARM.ActiveCfg = Release|Win32
		{8493BD79-F024-4D03-A444-518824611E52}.Debug MT DLL|ARM.Build.0 = Release|Win32
		{8493BD79-F024-4D03-A444-518824611E52}.Debug MT DLL|ARM64.ActiveCfg = Release|Win32
		{8493BD79-F024-4D03-A444-518824611E52}.Debug MT DLL|ARM64.Build.0 = Release|Win32
		{8493BD79-F024-4D03-A444-518824611E52}.Debug MT DLL|x64.ActiveCfg = Debug|x64
		{8493BD79-F024-4D03-A444-518824611E52}.Debug MT DLL|x64.Build.0 = Debug|x64
		{8493BD79-F024-4D03-A444-518824611E52}.Debug MT DLL|x86.ActiveCfg = Debug|Win32
		{8493BD79-F024-4D03-A444-518824611E52}.Debug MT DLL|x86.Build.0 = Debug|Win32
		{8493BD79-F024-4D03-A444-518824611E52}.Debug MT|Any CPU.ActiveCfg = Release|Win32
		{8493BD79-F024-4D03-A444-518824611E52}.Debug MT|Any CPU.Build.0 = Release|Win32
		{8493BD79-F024-4D03-A444-518824611E52}.Debug MT|ARM.ActiveCfg = Release|Win32
		{8493BD79-F024-4D03-A444-518824611E52}.Debug MT|ARM.Build.0 = Release|Win32
		{8493BD79-F024-4D03-A444-518824611E52}.Debug MT|ARM64.ActiveCfg = Release|Win32
		{8493BD79-F024-4D03-A444-518824611E52}.Debug MT|ARM64.Build.0 = Release|Win32
		{8493BD79-F024-4D03-A444-518824611E52}.Debug MT|x64.ActiveCfg = Debug|x64
		{8493BD79-F024-4D03-A444-518824611E52}.Debug MT|x64.Build.0 = Debug|x64
		{8493BD79-F024-4D03-A444-518824611E52}.Debug MT|x86.ActiveCfg = Debug|Win32
		{8493BD79-F024-4D03-A444-518824611E52}.Debug MT|x86.Build.0 = Debug|Win32
		{8493BD79-F024-4D03-A444-518824611E52}.Debug|Any CPU.ActiveCfg = Debug|Win32
		{8493BD79-F024-4D03-A444-518824611E52}.Debug|ARM.ActiveCfg = Debug|Win32
		{8493BD79-F024-4D03-A444-518824611E52}.Debug|ARM64.ActiveCfg = Debug|Win32
		{8493BD79-F024-4D03-A444-518824611E52}.Debug|x64.ActiveCfg = Debug|x64
		{8493BD79-F024-4D03-A444-518824611E52}.Debug|x64.Build.0 = Debug|x64
		{8493BD79-F024-4D03-A444-518824611E52}.Debug|x86.ActiveCfg = Debug|Win32
		{8493BD79-F024-4D03-A444-518824611E52}.Debug|x86.Build.0 = Debug|Win32
		{8493BD79-F024-4D03-A444-518824611E52}.Release Kernel|Any CPU.ActiveCfg = Release|x64
		{8493BD79-F024-4D03-A444-518824611E52}.Release Kernel|Any CPU.Build.0 = Release|x64
		{8493BD79-F024-4D03-A444-518824611E52}.Release Kernel|ARM.ActiveCfg = Release|x64
		{8493BD79-F024-4D03-A444-518824611E52}.Release Kernel|ARM.Build.0 = Release|x64
		{8493BD79-F024-4D03-A444-518824611E52}.Release Kernel|ARM64.ActiveCfg = Release|x64
		{8493BD79-F024-4D03-A444-518824611E52}.Release Kernel|ARM64.Build.0 = Release|x64
		{8493BD79-F024-4D03-A444-518824611E52}.Release Kernel|x64.ActiveCfg = Release|x64
		{8493BD79-F024-4D03-A444-518824611E52}.Release Kernel|x64.Build.0 = Release|x64
		{8493BD79-F024-4D03-A444-518824611E52}.Release Kernel|x86.ActiveCfg = Release|Win32
		{8493BD79-F024-4D03-A444-518824611E52}.Release Kernel|x86.Build.0 = Release|Win32
		{8493BD79-F024-4D03-A444-518824611E52}.Release MD DLL|Any CPU.ActiveCfg = Release|Win32
		{8493BD79-F024-4D03-A444-518824611E52}.Release MD DLL|Any CPU.Build.0 = Release|Win32
		{8493BD79-F024-4D03-A444-518824611E52}.Release MD DLL|ARM.ActiveCfg = Release|Win32
		{8493BD79-F024-4D03-A444-518824611E52}.Release MD DLL|ARM.Build.0 = Release|Win32
		{8493BD79-F024-4D03-A444-518824611E52}.Release MD DLL|ARM64.ActiveCfg = Release|Win32
		{8493BD79-F024-4D03-A444-518824611E52}.Release MD DLL|ARM64.Build.0 = Release|Win32
		{8493BD79-F024-4D03-A444-518824611E52}.Release MD DLL|x64.ActiveCfg = Release|x64
		{8493BD79-F024-4D03-A444-518824611E52}.Release MD DLL|x64.Build.0 = Release|x64
		{8493BD79-F024-4D03-A444-518824611E52}.Release MD DLL|x86.ActiveCfg = Release|Win32
		{8493BD79-F024-4D03-A444-518824611E52}.Release MD DLL|x86.Build.0 = Release|Win32
		{8493BD79-F024-4D03-A444-518824611E52}.Release MD|Any CPU.ActiveCfg = Release|Win32
		{8493BD79-F024-4D03-A444-518824611E52}.Release MD|Any CPU.Build.0 = Release|Win32
		{8493BD79-F024-4D03-A444-518824611E52}.Release MD|ARM.ActiveCfg = Release|Win32
		{8493BD79-F024-4D03-A444-518824611E52}.Release MD|ARM.Build.0 = Release|Win32
		{8493BD79-F024-4D03-A444-518824611E52}.Release MD|ARM64.ActiveCfg = Release|Win32
		{8493BD79-F024-4D03-A444-518824611E52}.Release MD|ARM64.Build.0 = Release|Win32
		{8493BD79-F024-4D03-A444-518824611E52}.Release MD|x64.ActiveCfg = Release|x64
		{8493BD79-F024-4D03-A444-518824611E52}.Release MD|x64.Build.0 = Release|x64
		{8493BD79-F024-4D03-A444-518824611E52}.Release MD|x86.ActiveCfg = Release|Win32
		{8493BD79-F024-4D03-A444-518824611E52}.Release MD|x86.Build.0 = Release|Win32
		{8493BD79-F024-4D03-A444-518824611E52}.Release MT DLL|Any CPU.ActiveCfg = Release|Win32
		{8493BD79-F024-4D03-A444-518824611E52}.Release MT DLL|Any CPU.Build.0 = Release|Win32
		{8493BD79-F024-4D03-A444-518824611E52}.Release MT DLL|ARM.ActiveCfg = Release|Win32
		{8493BD79-F024-4D03-A444-518824611E52}.Release MT DLL|ARM.Build.0 = Release|Win32
		{8493BD79-F024-4D03-A444-518824611E52}.Release MT DLL|ARM64.ActiveCfg = Release|Win32
		{8493BD79-F024-4D03-A444-518824611E52}.Release MT DLL|ARM64.Build.0 = Release|Win32
		{8493BD79-F024-4D03-A444-518824611E52}.Release MT DLL|x64.ActiveCfg = Release|x64
		{8493BD79-F024-4D03-A444-518824611E52}.Release MT DLL|x64.Build.0 = Release|x64
		{8493BD79-F024-4D03-A444-518824611E52}.Release MT DLL|x86.ActiveCfg = Release|Win32
		{8493BD79-F024-4D03-A444-518824611E52}.Release MT DLL|x86.Build.0 = Release|Win32
		{8493BD79-F024-4D03-A444-518824611E52}.Release MT|Any CPU.ActiveCfg = Release|Win32
		{8493BD79-F024-4D03-A444-518824611E52}.Release MT|Any CPU.Build.0 = Release|Win32
		{8493BD79-F024-4D03-A444-518824611E52}.Release MT|ARM.ActiveCfg = Release|Win32
		{8493BD79-F024-4D03-A444-518824611E52}.Release MT|ARM.Build.0 = Release|Win32
		{8493BD79-F024-4D03-A444-518824611E52}.Release MT|ARM64.ActiveCfg = Release|Win32
		{8493BD79-F024-4D03-A444-518824611E52}.Release MT|ARM64.Build.0 = Release|Win32
		{8493BD79-F024-4D03-A444-518824611E52}.Release MT|x64.ActiveCfg = Release|x64
		{8493BD79-F024-4D03-A444-518824611E52}.Release MT|x64.Build.0 = Release|x64
		{8493BD79-F024-4D03-A444-518824611E52}.Release MT|x86.ActiveCfg = Release|Win32
		{8493BD79-F024-4D03-A444-518824611E52}.Release MT|x86.Build.0 = Release|Win32
		{8493BD79-F024-4D03-A444-518824611E52}.Release|Any CPU.ActiveCfg = Release|Win32
		{8493BD79-F024-4D03-A444-518824611E52}.Release|Any CPU.Build.0 = Release|Win32
		{8493BD79-F024-4D03-A444-518824611E52}.Release|ARM.ActiveCfg = Release|Win32
		{8493BD79-F024-4D03-A444-518824611E52}.Release|ARM64.ActiveCfg = Release|Win32
		{8493BD79-F024-4D03-A444-518824611E52}.Release|x64.ActiveCfg = Release|x64
		{8493BD79-F024-4D03-A444-518824611E52}.Release|x64.Build.0 = Release|x64
		{8493BD79-F024-4D03-A444-518824611E52}.Release|x86.ActiveCfg = Release|Win32
		{8493BD79-F024-4D03-A444-518824611E52}.Release|x86.Build.0 = Release|Win32
		{6F6BDB90-9339-4EA5-99B3-01B465EA6D99}.Debug Kernel|Any CPU.ActiveCfg = Debug|Any CPU
		{6F6BDB90-9339-4EA5-99B3-01B465EA6D99}.Debug Kernel|Any CPU.Build.0 = Debug|Any CPU
		{6F6BDB90-9339-4EA5-99B3-01B465EA6D99}.Debug Kernel|ARM.ActiveCfg = Debug|Any CPU
		{6F6BDB90-9339-4EA5-99B3-01B465EA6D99}.Debug Kernel|ARM.Build.0 = Debug|Any CPU
		{6F6BDB90-9339-4EA5-99B3-01B465EA6D99}.Debug Kernel|ARM64.ActiveCfg = Debug|Any CPU
		{6F6BDB90-9339-4EA5-99B3-01B465EA6D99}.Debug Kernel|ARM64.Build.0 = Debug|Any CPU
		{6F6BDB90-9339-4EA5-99B3-01B465EA6D99}.Debug Kernel|x64.ActiveCfg = Debug|Any CPU
		{6F6BDB90-9339-4EA5-99B3-01B465EA6D99}.Debug Kernel|x64.Build.0 = Debug|Any CPU
		{6F6BDB90-9339-4EA5-99B3-01B465EA6D99}.Debug Kernel|x86.ActiveCfg = Debug|Any CPU
		{6F6BDB90-9339-4EA5-99B3-01B465EA6D99}.Debug Kernel|x86.Build.0 = Debug|Any CPU
		{6F6BDB90-9339-4EA5-99B3-01B465EA6D99}.Debug MD DLL|Any CPU.ActiveCfg = Debug|Any CPU
		{6F6BDB90-9339-4EA5-99B3-01B465EA6D99}.Debug MD DLL|Any CPU.Build.0 = Debug|Any CPU
		{6F6BDB90-9339-4EA5-99B3-01B465EA6D99}.Debug MD DLL|ARM.ActiveCfg = Debug|Any CPU
		{6F6BDB90-9339-4EA5-99B3-01B465EA6D99}.Debug MD DLL|ARM.Build.0 = Debug|Any CPU
		{6F6BDB90-9339-4EA5-99B3-01B465EA6D99}.Debug MD DLL|ARM64.ActiveCfg = Debug|Any CPU
		{6F6BDB90-9339-4EA5-99B3-01B465EA6D99}.Debug MD DLL|ARM64.Build.0 = Debug|Any CPU
		{6F6BDB90-9339-4EA5-99B3-01B465EA6D99}.Debug MD DLL|x64.ActiveCfg = Debug|x64
		{6F6BDB90-9339-4EA5-99B3-01B465EA6D99}.Debug MD DLL|x64.Build.0 = Debug|x64
		{6F6BDB90-9339-4EA5-99B3-01B465EA6D99}.Debug MD DLL|x86.ActiveCfg = Debug|x86
		{6F6BDB90-9339-4EA5-99B3-01B465EA6D99}.Debug MD DLL|x86.Build.0 = Debug|x86
		{6F6BDB90-9339-4EA5-99B3-01B465EA6D99}.Debug MD|Any CPU.ActiveCfg = Debug|Any CPU
		{6F6BDB90-9339-4EA5-99B3-01B465EA6D99}.Debug MD|Any CPU.Build.0 = Debug|Any CPU
		{6F6BDB90-9339-4EA5-99B3-01B465EA6D99}.Debug MD|ARM.ActiveCfg = Debug|Any CPU
		{6F6BDB90-9339-4EA5-99B3-01B465EA6D99}.Debug MD|ARM.Build.0 = Debug|Any CPU
		{6F6BDB90-9339-4EA5-99B3-01B465EA6D99}.Debug MD|ARM64.ActiveCfg = Debug|Any CPU
		{6F6BDB90-9339-4EA5-99B3-01B465EA6D99}.Debug MD|ARM64.Build.0 = Debug|Any CPU
		{6F6BDB90-9339-4EA5-99B3-01B465EA6D99}.Debug MD|x64.ActiveCfg = Debug|x64
		{6F6BDB90-9339-4EA5-99B3-01B465EA6D99}.Debug MD|x64.Build.0 = Debug|x64
		{6F6BDB90-9339-4EA5-99B3-01B465EA6D99}.Debug MD|x86.ActiveCfg = Debug|x86
		{6F6BDB90-9339-4EA5-99B3-01B465EA6D99}.Debug MD|x86.Build.0 = Debug|x86
		{6F6BDB90-9339-4EA5-99B3-01B465EA6D99}.Debug MT DLL|Any CPU.ActiveCfg = Debug|Any CPU
		{6F6BDB90-9339-4EA5-99B3-01B465EA6D99}.Debug MT DLL|Any CPU.Build.0 = Debug|Any CPU
		{6F6BDB90-9339-4EA5-99B3-01B465EA6D99}.Debug MT DLL|ARM.ActiveCfg = Debug|Any CPU
		{6F6BDB90-9339-4EA5-99B3-01B465EA6D99}.Debug MT DLL|ARM.Build.0 = Debug|Any CPU
		{6F6BDB90-9339-4EA5-99B3-01B465EA6D99}.Debug MT DLL|ARM64.ActiveCfg = Debug|Any CPU
		{6F6BDB90-9339-4EA5-99B3-01B465EA6D99}.Debug MT DLL|ARM64.Build.0 = Debug|Any CPU
		{6F6BDB90-9339-4EA5-99B3-01B465EA6D99}.Debug MT DLL|x64.ActiveCfg = Debug|x64
		{6F6BDB90-9339-4EA5-99B3-01B465EA6D99}.Debug MT DLL|x64.Build.0 = Debug|x64
		{6F6BDB90-9339-4EA5-99B3-01B465EA6D99}.Debug MT DLL|x86.ActiveCfg = Debug|x86
		{6F6BDB90-9339-4EA5-99B3-01B465EA6D99}.Debug MT DLL|x86.Build.0 = Debug|x86
		{6F6BDB90-9339-4EA5-99B3-01B465EA6D99}.Debug MT|Any CPU.ActiveCfg = Debug|Any CPU
		{6F6BDB90-9339-4EA5-99B3-01B465EA6D99}.Debug MT|Any CPU.Build.0 = Debug|Any CPU
		{6F6BDB90-9339-4EA5-99B3-01B465EA6D99}.Debug MT|ARM.ActiveCfg = Debug|Any CPU
		{6F6BDB90-9339-4EA5-99B3-01B465EA6D99}.Debug MT|ARM.Build.0 = Debug|Any CPU
		{6F6BDB90-9339-4EA5-99B3-01B465EA6D99}.Debug MT|ARM64.ActiveCfg = Debug|Any CPU
		{6F6BDB90-9339-4EA5-99B3-01B465EA6D99}.Debug MT|ARM64.Build.0 = Debug|Any CPU
		{6F6BDB90-9339-4EA5-99B3-01B465EA6D99}.Debug MT|x64.ActiveCfg = Debug|x64
		{6F6BDB90-9339-4EA5-99B3-01B465EA6D99}.Debug MT|x64.Build.0 = Debug|x64
		{6F6BDB90-9339-4EA5-99B3-01B465EA6D99}.Debug MT|x86.ActiveCfg = Debug|x86
		{6F6BDB90-9339-4EA5-99B3-01B465EA6D99}.Debug MT|x86.Build.0 = Debug|x86
		{6F6BDB90-9339-4EA5-99B3-01B465EA6D99}.Debug|Any CPU.ActiveCfg = Debug|Any CPU
		{6F6BDB90-9339-4EA5-99B3-01B465EA6D99}.Debug|Any CPU.Build.0 = Debug|Any CPU
		{6F6BDB90-9339-4EA5-99B3-01B465EA6D99}.Debug|ARM.ActiveCfg = Debug|Any CPU
		{6F6BDB90-9339-4EA5-99B3-01B465EA6D99}.Debug|ARM.Build.0 = Debug|Any CPU
		{6F6BDB90-9339-4EA5-99B3-01B465EA6D99}.Debug|ARM64.ActiveCfg = Debug|Any CPU
		{6F6BDB90-9339-4EA5-99B3-01B465EA6D99}.Debug|ARM64.Build.0 = Debug|Any CPU
		{6F6BDB90-9339-4EA5-99B3-01B465EA6D99}.Debug|x64.ActiveCfg = Debug|Any CPU
		{6F6BDB90-9339-4EA5-99B3-01B465EA6D99}.Debug|x64.Build.0 = Debug|Any CPU
		{6F6BDB90-9339-4EA5-99B3-01B465EA6D99}.Debug|x86.ActiveCfg = Debug|Any CPU
		{6F6BDB90-9339-4EA5-99B3-01B465EA6D99}.Debug|x86.Build.0 = Debug|Any CPU
		{6F6BDB90-9339-4EA5-99B3-01B465EA6D99}.Release Kernel|Any CPU.ActiveCfg = Release|Any CPU
		{6F6BDB90-9339-4EA5-99B3-01B465EA6D99}.Release Kernel|Any CPU.Build.0 = Release|Any CPU
		{6F6BDB90-9339-4EA5-99B3-01B465EA6D99}.Release Kernel|ARM.ActiveCfg = Release|Any CPU
		{6F6BDB90-9339-4EA5-99B3-01B465EA6D99}.Release Kernel|ARM.Build.0 = Release|Any CPU
		{6F6BDB90-9339-4EA5-99B3-01B465EA6D99}.Release Kernel|ARM64.ActiveCfg = Release|Any CPU
		{6F6BDB90-9339-4EA5-99B3-01B465EA6D99}.Release Kernel|ARM64.Build.0 = Release|Any CPU
		{6F6BDB90-9339-4EA5-99B3-01B465EA6D99}.Release Kernel|x64.ActiveCfg = Release|Any CPU
		{6F6BDB90-9339-4EA5-99B3-01B465EA6D99}.Release Kernel|x64.Build.0 = Release|Any CPU
		{6F6BDB90-9339-4EA5-99B3-01B465EA6D99}.Release Kernel|x86.ActiveCfg = Release|Any CPU
		{6F6BDB90-9339-4EA5-99B3-01B465EA6D99}.Release Kernel|x86.Build.0 = Release|Any CPU
		{6F6BDB90-9339-4EA5-99B3-01B465EA6D99}.Release MD DLL|Any CPU.ActiveCfg = Release|Any CPU
		{6F6BDB90-9339-4EA5-99B3-01B465EA6D99}.Release MD DLL|Any CPU.Build.0 = Release|Any CPU
		{6F6BDB90-9339-4EA5-99B3-01B465EA6D99}.Release MD DLL|ARM.ActiveCfg = Release|Any CPU
		{6F6BDB90-9339-4EA5-99B3-01B465EA6D99}.Release MD DLL|ARM.Build.0 = Release|Any CPU
		{6F6BDB90-9339-4EA5-99B3-01B465EA6D99}.Release MD DLL|ARM64.ActiveCfg = Release|Any CPU
		{6F6BDB90-9339-4EA5-99B3-01B465EA6D99}.Release MD DLL|ARM64.Build.0 = Release|Any CPU
		{6F6BDB90-9339-4EA5-99B3-01B465EA6D99}.Release MD DLL|x64.ActiveCfg = Release|x64
		{6F6BDB90-9339-4EA5-99B3-01B465EA6D99}.Release MD DLL|x64.Build.0 = Release|x64
		{6F6BDB90-9339-4EA5-99B3-01B465EA6D99}.Release MD DLL|x86.ActiveCfg = Release|x86
		{6F6BDB90-9339-4EA5-99B3-01B465EA6D99}.Release MD DLL|x86.Build.0 = Release|x86
		{6F6BDB90-9339-4EA5-99B3-01B465EA6D99}.Release MD|Any CPU.ActiveCfg = Release|Any CPU
		{6F6BDB90-9339-4EA5-99B3-01B465EA6D99}.Release MD|Any CPU.Build.0 = Release|Any CPU
		{6F6BDB90-9339-4EA5-99B3-01B465EA6D99}.Release MD|ARM.ActiveCfg = Release|Any CPU
		{6F6BDB90-9339-4EA5-99B3-01B465EA6D99}.Release MD|ARM.Build.0 = Release|Any CPU
		{6F6BDB90-9339-4EA5-99B3-01B465EA6D99}.Release MD|ARM64.ActiveCfg = Release|Any CPU
		{6F6BDB90-9339-4EA5-99B3-01B465EA6D99}.Release MD|ARM64.Build.0 = Release|Any CPU
		{6F6BDB90-9339-4EA5-99B3-01B465EA6D99}.Release MD|x64.ActiveCfg = Release|x64
		{6F6BDB90-9339-4EA5-99B3-01B465EA6D99}.Release MD|x64.Build.0 = Release|x64
		{6F6BDB90-9339-4EA5-99B3-01B465EA6D99}.Release MD|x86.ActiveCfg = Release|x86
		{6F6BDB90-9339-4EA5-99B3-01B465EA6D99}.Release MD|x86.Build.0 = Release|x86
		{6F6BDB90-9339-4EA5-99B3-01B465EA6D99}.Release MT DLL|Any CPU.ActiveCfg = Release|Any CPU
		{6F6BDB90-9339-4EA5-99B3-01B465EA6D99}.Release MT DLL|Any CPU.Build.0 = Release|Any CPU
		{6F6BDB90-9339-4EA5-99B3-01B465EA6D99}.Release MT DLL|ARM.ActiveCfg = Release|Any CPU
		{6F6BDB90-9339-4EA5-99B3-01B465EA6D99}.Release MT DLL|ARM.Build.0 = Release|Any CPU
		{6F6BDB90-9339-4EA5-99B3-01B465EA6D99}.Release MT DLL|ARM64.ActiveCfg = Release|Any CPU
		{6F6BDB90-9339-4EA5-99B3-01B465EA6D99}.Release MT DLL|ARM64.Build.0 = Release|Any CPU
		{6F6BDB90-9339-4EA5-99B3-01B465EA6D99}.Release MT DLL|x64.ActiveCfg = Release|x64
		{6F6BDB90-9339-4EA5-99B3-01B465EA6D99}.Release MT DLL|x64.Build.0 = Release|x64
		{6F6BDB90-9339-4EA5-99B3-01B465EA6D99}.Release MT DLL|x86.ActiveCfg = Release|x86
		{6F6BDB90-9339-4EA5-99B3-01B465EA6D99}.Release MT DLL|x86.Build.0 = Release|x86
		{6F6BDB90-9339-4EA5-99B3-01B465EA6D99}.Release MT|Any CPU.ActiveCfg = Release|Any CPU
		{6F6BDB90-9339-4EA5-99B3-01B465EA6D99}.Release MT|Any CPU.Build.0 = Release|Any CPU
		{6F6BDB90-9339-4EA5-99B3-01B465EA6D99}.Release MT|ARM.ActiveCfg = Release|Any CPU
		{6F6BDB90-9339-4EA5-99B3-01B465EA6D99}.Release MT|ARM.Build.0 = Release|Any CPU
		{6F6BDB90-9339-4EA5-99B3-01B465EA6D99}.Release MT|ARM64.ActiveCfg = Release|Any CPU
		{6F6BDB90-9339-4EA5-99B3-01B465EA6D99}.Release MT|ARM64.Build.0 = Release|Any CPU
		{6F6BDB90-9339-4EA5-99B3-01B465EA6D99}.Release MT|x64.ActiveCfg = Release|x64
		{6F6BDB90-9339-4EA5-99B3-01B465EA6D99}.Release MT|x64.Build.0 = Release|x64
		{6F6BDB90-9339-4EA5-99B3-01B465EA6D99}.Release MT|x86.ActiveCfg = Release|x86
		{6F6BDB90-9339-4EA5-99B3-01B465EA6D99}.Release MT|x86.Build.0 = Release|x86
		{6F6BDB90-9339-4EA5-99B3-01B465EA6D99}.Release|Any CPU.ActiveCfg = Release|x86
		{6F6BDB90-9339-4EA5-99B3-01B465EA6D99}.Release|Any CPU.Build.0 = Release|x86
		{6F6BDB90-9339-4EA5-99B3-01B465EA6D99}.Release|ARM.ActiveCfg = Release|Any CPU
		{6F6BDB90-9339-4EA5-99B3-01B465EA6D99}.Release|ARM.Build.0 = Release|Any CPU
		{6F6BDB90-9339-4EA5-99B3-01B465EA6D99}.Release|ARM64.ActiveCfg = Release|Any CPU
		{6F6BDB90-9339-4EA5-99B3-01B465EA6D99}.Release|ARM64.Build.0 = Release|Any CPU
		{6F6BDB90-9339-4EA5-99B3-01B465EA6D99}.Release|x64.ActiveCfg = Release|Any CPU
		{6F6BDB90-9339-4EA5-99B3-01B465EA6D99}.Release|x64.Build.0 = Release|Any CPU
		{6F6BDB90-9339-4EA5-99B3-01B465EA6D99}.Release|x86.ActiveCfg = Release|Any CPU
		{6F6BDB90-9339-4EA5-99B3-01B465EA6D99}.Release|x86.Build.0 = Release|Any CPU
		{E3D00420-DB74-484E-8640-66B8F2F33A57}.Debug Kernel|Any CPU.ActiveCfg = Release|Win32
		{E3D00420-DB74-484E-8640-66B8F2F33A57}.Debug Kernel|Any CPU.Build.0 = Release|Win32
		{E3D00420-DB74-484E-8640-66B8F2F33A57}.Debug Kernel|ARM.ActiveCfg = Release|Win32
		{E3D00420-DB74-484E-8640-66B8F2F33A57}.Debug Kernel|ARM.Build.0 = Release|Win32
		{E3D00420-DB74-484E-8640-66B8F2F33A57}.Debug Kernel|ARM64.ActiveCfg = Release|Win32
		{E3D00420-DB74-484E-8640-66B8F2F33A57}.Debug Kernel|ARM64.Build.0 = Release|Win32
		{E3D00420-DB74-484E-8640-66B8F2F33A57}.Debug Kernel|x64.ActiveCfg = Debug|x64
		{E3D00420-DB74-484E-8640-66B8F2F33A57}.Debug Kernel|x64.Build.0 = Debug|x64
		{E3D00420-DB74-484E-8640-66B8F2F33A57}.Debug Kernel|x86.ActiveCfg = Debug|Win32
		{E3D00420-DB74-484E-8640-66B8F2F33A57}.Debug Kernel|x86.Build.0 = Debug|Win32
		{E3D00420-DB74-484E-8640-66B8F2F33A57}.Debug MD DLL|Any CPU.ActiveCfg = Release|x64
		{E3D00420-DB74-484E-8640-66B8F2F33A57}.Debug MD DLL|Any CPU.Build.0 = Release|x64
		{E3D00420-DB74-484E-8640-66B8F2F33A57}.Debug MD DLL|ARM.ActiveCfg = Release|x64
		{E3D00420-DB74-484E-8640-66B8F2F33A57}.Debug MD DLL|ARM.Build.0 = Release|x64
		{E3D00420-DB74-484E-8640-66B8F2F33A57}.Debug MD DLL|ARM64.ActiveCfg = Release|x64
		{E3D00420-DB74-484E-8640-66B8F2F33A57}.Debug MD DLL|ARM64.Build.0 = Release|x64
		{E3D00420-DB74-484E-8640-66B8F2F33A57}.Debug MD DLL|x64.ActiveCfg = Debug|x64
		{E3D00420-DB74-484E-8640-66B8F2F33A57}.Debug MD DLL|x64.Build.0 = Debug|x64
		{E3D00420-DB74-484E-8640-66B8F2F33A57}.Debug MD DLL|x86.ActiveCfg = Debug|Win32
		{E3D00420-DB74-484E-8640-66B8F2F33A57}.Debug MD DLL|x86.Build.0 = Debug|Win32
		{E3D00420-DB74-484E-8640-66B8F2F33A57}.Debug MD|Any CPU.ActiveCfg = Release|x64
		{E3D00420-DB74-484E-8640-66B8F2F33A57}.Debug MD|Any CPU.Build.0 = Release|x64
		{E3D00420-DB74-484E-8640-66B8F2F33A57}.Debug MD|ARM.ActiveCfg = Release|x64
		{E3D00420-DB74-484E-8640-66B8F2F33A57}.Debug MD|ARM.Build.0 = Release|x64
		{E3D00420-DB74-484E-8640-66B8F2F33A57}.Debug MD|ARM64.ActiveCfg = Release|x64
		{E3D00420-DB74-484E-8640-66B8F2F33A57}.Debug MD|ARM64.Build.0 = Release|x64
		{E3D00420-DB74-484E-8640-66B8F2F33A57}.Debug MD|x64.ActiveCfg = Debug|x64
		{E3D00420-DB74-484E-8640-66B8F2F33A57}.Debug MD|x64.Build.0 = Debug|x64
		{E3D00420-DB74-484E-8640-66B8F2F33A57}.Debug MD|x86.ActiveCfg = Debug|Win32
		{E3D00420-DB74-484E-8640-66B8F2F33A57}.Debug MD|x86.Build.0 = Debug|Win32
		{E3D00420-DB74-484E-8640-66B8F2F33A57}.Debug MT DLL|Any CPU.ActiveCfg = Release|x64
		{E3D00420-DB74-484E-8640-66B8F2F33A57}.Debug MT DLL|Any CPU.Build.0 = Release|x64
		{E3D00420-DB74-484E-8640-66B8F2F33A57}.Debug MT DLL|ARM.ActiveCfg = Release|x64
		{E3D00420-DB74-484E-8640-66B8F2F33A57}.Debug MT DLL|ARM.Build.0 = Release|x64
		{E3D00420-DB74-484E-8640-66B8F2F33A57}.Debug MT DLL|ARM64.ActiveCfg = Release|x64
		{E3D00420-DB74-484E-8640-66B8F2F33A57}.Debug MT DLL|ARM64.Build.0 = Release|x64
		{E3D00420-DB74-484E-8640-66B8F2F33A57}.Debug MT DLL|x64.ActiveCfg = Debug|x64
		{E3D00420-DB74-484E-8640-66B8F2F33A57}.Debug MT DLL|x64.Build.0 = Debug|x64
		{E3D00420-DB74-484E-8640-66B8F2F33A57}.Debug MT DLL|x86.ActiveCfg = Debug|Win32
		{E3D00420-DB74-484E-8640-66B8F2F33A57}.Debug MT DLL|x86.Build.0 = Debug|Win32
		{E3D00420-DB74-484E-8640-66B8F2F33A57}.Debug MT|Any CPU.ActiveCfg = Release|x64
		{E3D00420-DB74-484E-8640-66B8F2F33A57}.Debug MT|Any CPU.Build.0 = Release|x64
		{E3D00420-DB74-484E-8640-66B8F2F33A57}.Debug MT|ARM.ActiveCfg = Release|x64
		{E3D00420-DB74-484E-8640-66B8F2F33A57}.Debug MT|ARM.Build.0 = Release|x64
		{E3D00420-DB74-484E-8640-66B8F2F33A57}.Debug MT|ARM64.ActiveCfg = Release|x64
		{E3D00420-DB74-484E-8640-66B8F2F33A57}.Debug MT|ARM64.Build.0 = Release|x64
		{E3D00420-DB74-484E-8640-66B8F2F33A57}.Debug MT|x64.ActiveCfg = Debug|x64
		{E3D00420-DB74-484E-8640-66B8F2F33A57}.Debug MT|x64.Build.0 = Debug|x64
		{E3D00420-DB74-484E-8640-66B8F2F33A57}.Debug MT|x86.ActiveCfg = Debug|Win32
		{E3D00420-DB74-484E-8640-66B8F2F33A57}.Debug MT|x86.Build.0 = Debug|Win32
		{E3D00420-DB74-484E-8640-66B8F2F33A57}.Debug|Any CPU.ActiveCfg = Debug|x64
		{E3D00420-DB74-484E-8640-66B8F2F33A57}.Debug|Any CPU.Build.0 = Debug|x64
		{E3D00420-DB74-484E-8640-66B8F2F33A57}.Debug|ARM.ActiveCfg = Debug|Win32
		{E3D00420-DB74-484E-8640-66B8F2F33A57}.Debug|ARM64.ActiveCfg = Debug|Win32
		{E3D00420-DB74-484E-8640-66B8F2F33A57}.Debug|x64.ActiveCfg = Debug|x64
		{E3D00420-DB74-484E-8640-66B8F2F33A57}.Debug|x64.Build.0 = Debug|x64
		{E3D00420-DB74-484E-8640-66B8F2F33A57}.Debug|x86.ActiveCfg = Debug|Win32
		{E3D00420-DB74-484E-8640-66B8F2F33A57}.Debug|x86.Build.0 = Debug|Win32
		{E3D00420-DB74-484E-8640-66B8F2F33A57}.Release Kernel|Any CPU.ActiveCfg = Release|Win32
		{E3D00420-DB74-484E-8640-66B8F2F33A57}.Release Kernel|Any CPU.Build.0 = Release|Win32
		{E3D00420-DB74-484E-8640-66B8F2F33A57}.Release Kernel|ARM.ActiveCfg = Release|Win32
		{E3D00420-DB74-484E-8640-66B8F2F33A57}.Release Kernel|ARM.Build.0 = Release|Win32
		{E3D00420-DB74-484E-8640-66B8F2F33A57}.Release Kernel|ARM64.ActiveCfg = Release|Win32
		{E3D00420-DB74-484E-8640-66B8F2F33A57}.Release Kernel|ARM64.Build.0 = Release|Win32
		{E3D00420-DB74-484E-8640-66B8F2F33A57}.Release Kernel|x64.ActiveCfg = Release|x64
		{E3D00420-DB74-484E-8640-66B8F2F33A57}.Release Kernel|x64.Build.0 = Release|x64
		{E3D00420-DB74-484E-8640-66B8F2F33A57}.Release Kernel|x86.ActiveCfg = Release|Win32
		{E3D00420-DB74-484E-8640-66B8F2F33A57}.Release Kernel|x86.Build.0 = Release|Win32
		{E3D00420-DB74-484E-8640-66B8F2F33A57}.Release MD DLL|Any CPU.ActiveCfg = Release|x64
		{E3D00420-DB74-484E-8640-66B8F2F33A57}.Release MD DLL|Any CPU.Build.0 = Release|x64
		{E3D00420-DB74-484E-8640-66B8F2F33A57}.Release MD DLL|ARM.ActiveCfg = Release|x64
		{E3D00420-DB74-484E-8640-66B8F2F33A57}.Release MD DLL|ARM.Build.0 = Release|x64
		{E3D00420-DB74-484E-8640-66B8F2F33A57}.Release MD DLL|ARM64.ActiveCfg = Release|x64
		{E3D00420-DB74-484E-8640-66B8F2F33A57}.Release MD DLL|ARM64.Build.0 = Release|x64
		{E3D00420-DB74-484E-8640-66B8F2F33A57}.Release MD DLL|x64.ActiveCfg = Release|x64
		{E3D00420-DB74-484E-8640-66B8F2F33A57}.Release MD DLL|x64.Build.0 = Release|x64
		{E3D00420-DB74-484E-8640-66B8F2F33A57}.Release MD DLL|x86.ActiveCfg = Release|Win32
		{E3D00420-DB74-484E-8640-66B8F2F33A57}.Release MD DLL|x86.Build.0 = Release|Win32
		{E3D00420-DB74-484E-8640-66B8F2F33A57}.Release MD|Any CPU.ActiveCfg = Release|x64
		{E3D00420-DB74-484E-8640-66B8F2F33A57}.Release MD|Any CPU.Build.0 = Release|x64
		{E3D00420-DB74-484E-8640-66B8F2F33A57}.Release MD|ARM.ActiveCfg = Release|x64
		{E3D00420-DB74-484E-8640-66B8F2F33A57}.Release MD|ARM.Build.0 = Release|x64
		{E3D00420-DB74-484E-8640-66B8F2F33A57}.Release MD|ARM64.ActiveCfg = Release|x64
		{E3D00420-DB74-484E-8640-66B8F2F33A57}.Release MD|ARM64.Build.0 = Release|x64
		{E3D00420-DB74-484E-8640-66B8F2F33A57}.Release MD|x64.ActiveCfg = Release|x64
		{E3D00420-DB74-484E-8640-66B8F2F33A57}.Release MD|x64.Build.0 = Release|x64
		{E3D00420-DB74-484E-8640-66B8F2F33A57}.Release MD|x86.ActiveCfg = Release|Win32
		{E3D00420-DB74-484E-8640-66B8F2F33A57}.Release MD|x86.Build.0 = Release|Win32
		{E3D00420-DB74-484E-8640-66B8F2F33A57}.Release MT DLL|Any CPU.ActiveCfg = Release|x64
		{E3D00420-DB74-484E-8640-66B8F2F33A57}.Release MT DLL|Any CPU.Build.0 = Release|x64
		{E3D00420-DB74-484E-8640-66B8F2F33A57}.Release MT DLL|ARM.ActiveCfg = Release|x64
		{E3D00420-DB74-484E-8640-66B8F2F33A57}.Release MT DLL|ARM.Build.0 = Release|x64
		{E3D00420-DB74-484E-8640-66B8F2F33A57}.Release MT DLL|ARM64.ActiveCfg = Release|x64
		{E3D00420-DB74-484E-8640-66B8F2F33A57}.Release MT DLL|ARM64.Build.0 = Release|x64
		{E3D00420-DB74-484E-8640-66B8F2F33A57}.Release MT DLL|x64.ActiveCfg = Release|x64
		{E3D00420-DB74-484E-8640-66B8F2F33A57}.Release MT DLL|x64.Build.0 = Release|x64
		{E3D00420-DB74-484E-8640-66B8F2F33A57}.Release MT DLL|x86.ActiveCfg = Release|Win32
		{E3D00420-DB74-484E-8640-66B8F2F33A57}.Release MT DLL|x86.Build.0 = Release|Win32
		{E3D00420-DB74-484E-8640-66B8F2F33A57}.Release MT|Any CPU.ActiveCfg = Release|x64
		{E3D00420-DB74-484E-8640-66B8F2F33A57}.Release MT|Any CPU.Build.0 = Release|x64
		{E3D00420-DB74-484E-8640-66B8F2F33A57}.Release MT|ARM.ActiveCfg = Release|x64
		{E3D00420-DB74-484E-8640-66B8F2F33A57}.Release MT|ARM.Build.0 = Release|x64
		{E3D00420-DB74-484E-8640-66B8F2F33A57}.Release MT|ARM64.ActiveCfg = Release|x64
		{E3D00420-DB74-484E-8640-66B8F2F33A57}.Release MT|ARM64.Build.0 = Release|x64
		{E3D00420-DB74-484E-8640-66B8F2F33A57}.Release MT|x64.ActiveCfg = Release|x64
		{E3D00420-DB74-484E-8640-66B8F2F33A57}.Release MT|x64.Build.0 = Release|x64
		{E3D00420-DB74-484E-8640-66B8F2F33A57}.Release MT|x86.ActiveCfg = Release|Win32
		{E3D00420-DB74-484E-8640-66B8F2F33A57}.Release MT|x86.Build.0 = Release|Win32
		{E3D00420-DB74-484E-8640-66B8F2F33A57}.Release|Any CPU.ActiveCfg = Release|Win32
		{E3D00420-DB74-484E-8640-66B8F2F33A57}.Release|Any CPU.Build.0 = Release|Win32
		{E3D00420-DB74-484E-8640-66B8F2F33A57}.Release|ARM.ActiveCfg = Release|Win32
		{E3D00420-DB74-484E-8640-66B8F2F33A57}.Release|ARM64.ActiveCfg = Release|Win32
		{E3D00420-DB74-484E-8640-66B8F2F33A57}.Release|x64.ActiveCfg = Release|x64
		{E3D00420-DB74-484E-8640-66B8F2F33A57}.Release|x64.Build.0 = Release|x64
		{E3D00420-DB74-484E-8640-66B8F2F33A57}.Release|x86.ActiveCfg = Release|Win32
		{E3D00420-DB74-484E-8640-66B8F2F33A57}.Release|x86.Build.0 = Release|Win32
		{623566AA-9171-4200-A3BE-BB54E26711FF}.Debug Kernel|Any CPU.ActiveCfg = Debug|Any CPU
		{623566AA-9171-4200-A3BE-BB54E26711FF}.Debug Kernel|Any CPU.Build.0 = Debug|Any CPU
		{623566AA-9171-4200-A3BE-BB54E26711FF}.Debug Kernel|ARM.ActiveCfg = Debug|Any CPU
		{623566AA-9171-4200-A3BE-BB54E26711FF}.Debug Kernel|ARM.Build.0 = Debug|Any CPU
		{623566AA-9171-4200-A3BE-BB54E26711FF}.Debug Kernel|ARM64.ActiveCfg = Debug|Any CPU
		{623566AA-9171-4200-A3BE-BB54E26711FF}.Debug Kernel|ARM64.Build.0 = Debug|Any CPU
		{623566AA-9171-4200-A3BE-BB54E26711FF}.Debug Kernel|x64.ActiveCfg = Debug|Any CPU
		{623566AA-9171-4200-A3BE-BB54E26711FF}.Debug Kernel|x64.Build.0 = Debug|Any CPU
		{623566AA-9171-4200-A3BE-BB54E26711FF}.Debug Kernel|x86.ActiveCfg = Debug|Any CPU
		{623566AA-9171-4200-A3BE-BB54E26711FF}.Debug Kernel|x86.Build.0 = Debug|Any CPU
		{623566AA-9171-4200-A3BE-BB54E26711FF}.Debug MD DLL|Any CPU.ActiveCfg = Debug|Any CPU
		{623566AA-9171-4200-A3BE-BB54E26711FF}.Debug MD DLL|Any CPU.Build.0 = Debug|Any CPU
		{623566AA-9171-4200-A3BE-BB54E26711FF}.Debug MD DLL|ARM.ActiveCfg = Debug|Any CPU
		{623566AA-9171-4200-A3BE-BB54E26711FF}.Debug MD DLL|ARM.Build.0 = Debug|Any CPU
		{623566AA-9171-4200-A3BE-BB54E26711FF}.Debug MD DLL|ARM64.ActiveCfg = Debug|Any CPU
		{623566AA-9171-4200-A3BE-BB54E26711FF}.Debug MD DLL|ARM64.Build.0 = Debug|Any CPU
		{623566AA-9171-4200-A3BE-BB54E26711FF}.Debug MD DLL|x64.ActiveCfg = Debug|x64
		{623566AA-9171-4200-A3BE-BB54E26711FF}.Debug MD DLL|x64.Build.0 = Debug|x64
		{623566AA-9171-4200-A3BE-BB54E26711FF}.Debug MD DLL|x86.ActiveCfg = Debug|x86
		{623566AA-9171-4200-A3BE-BB54E26711FF}.Debug MD DLL|x86.Build.0 = Debug|x86
		{623566AA-9171-4200-A3BE-BB54E26711FF}.Debug MD|Any CPU.ActiveCfg = Debug|Any CPU
		{623566AA-9171-4200-A3BE-BB54E26711FF}.Debug MD|Any CPU.Build.0 = Debug|Any CPU
		{623566AA-9171-4200-A3BE-BB54E26711FF}.Debug MD|ARM.ActiveCfg = Debug|Any CPU
		{623566AA-9171-4200-A3BE-BB54E26711FF}.Debug MD|ARM.Build.0 = Debug|Any CPU
		{623566AA-9171-4200-A3BE-BB54E26711FF}.Debug MD|ARM64.ActiveCfg = Debug|Any CPU
		{623566AA-9171-4200-A3BE-BB54E26711FF}.Debug MD|ARM64.Build.0 = Debug|Any CPU
		{623566AA-9171-4200-A3BE-BB54E26711FF}.Debug MD|x64.ActiveCfg = Debug|x64
		{623566AA-9171-4200-A3BE-BB54E26711FF}.Debug MD|x64.Build.0 = Debug|x64
		{623566AA-9171-4200-A3BE-BB54E26711FF}.Debug MD|x86.ActiveCfg = Debug|x86
		{623566AA-9171-4200-A3BE-BB54E26711FF}.Debug MD|x86.Build.0 = Debug|x86
		{623566AA-9171-4200-A3BE-BB54E26711FF}.Debug MT DLL|Any CPU.ActiveCfg = Debug|Any CPU
		{623566AA-9171-4200-A3BE-BB54E26711FF}.Debug MT DLL|Any CPU.Build.0 = Debug|Any CPU
		{623566AA-9171-4200-A3BE-BB54E26711FF}.Debug MT DLL|ARM.ActiveCfg = Debug|Any CPU
		{623566AA-9171-4200-A3BE-BB54E26711FF}.Debug MT DLL|ARM.Build.0 = Debug|Any CPU
		{623566AA-9171-4200-A3BE-BB54E26711FF}.Debug MT DLL|ARM64.ActiveCfg = Debug|Any CPU
		{623566AA-9171-4200-A3BE-BB54E26711FF}.Debug MT DLL|ARM64.Build.0 = Debug|Any CPU
		{623566AA-9171-4200-A3BE-BB54E26711FF}.Debug MT DLL|x64.ActiveCfg = Debug|x64
		{623566AA-9171-4200-A3BE-BB54E26711FF}.Debug MT DLL|x64.Build.0 = Debug|x64
		{623566AA-9171-4200-A3BE-BB54E26711FF}.Debug MT DLL|x86.ActiveCfg = Debug|x86
		{623566AA-9171-4200-A3BE-BB54E26711FF}.Debug MT DLL|x86.Build.0 = Debug|x86
		{623566AA-9171-4200-A3BE-BB54E26711FF}.Debug MT|Any CPU.ActiveCfg = Debug|Any CPU
		{623566AA-9171-4200-A3BE-BB54E26711FF}.Debug MT|Any CPU.Build.0 = Debug|Any CPU
		{623566AA-9171-4200-A3BE-BB54E26711FF}.Debug MT|ARM.ActiveCfg = Debug|Any CPU
		{623566AA-9171-4200-A3BE-BB54E26711FF}.Debug MT|ARM.Build.0 = Debug|Any CPU
		{623566AA-9171-4200-A3BE-BB54E26711FF}.Debug MT|ARM64.ActiveCfg = Debug|Any CPU
		{623566AA-9171-4200-A3BE-BB54E26711FF}.Debug MT|ARM64.Build.0 = Debug|Any CPU
		{623566AA-9171-4200-A3BE-BB54E26711FF}.Debug MT|x64.ActiveCfg = Debug|x64
		{623566AA-9171-4200-A3BE-BB54E26711FF}.Debug MT|x64.Build.0 = Debug|x64
		{623566AA-9171-4200-A3BE-BB54E26711FF}.Debug MT|x86.ActiveCfg = Debug|x86
		{623566AA-9171-4200-A3BE-BB54E26711FF}.Debug MT|x86.Build.0 = Debug|x86
		{623566AA-9171-4200-A3BE-BB54E26711FF}.Debug|Any CPU.ActiveCfg = Debug|Any CPU
		{623566AA-9171-4200-A3BE-BB54E26711FF}.Debug|Any CPU.Build.0 = Debug|Any CPU
		{623566AA-9171-4200-A3BE-BB54E26711FF}.Debug|ARM.ActiveCfg = Debug|Any CPU
		{623566AA-9171-4200-A3BE-BB54E26711FF}.Debug|ARM.Build.0 = Debug|Any CPU
		{623566AA-9171-4200-A3BE-BB54E26711FF}.Debug|ARM64.ActiveCfg = Debug|Any CPU
		{623566AA-9171-4200-A3BE-BB54E26711FF}.Debug|ARM64.Build.0 = Debug|Any CPU
		{623566AA-9171-4200-A3BE-BB54E26711FF}.Debug|x64.ActiveCfg = Debug|Any CPU
		{623566AA-9171-4200-A3BE-BB54E26711FF}.Debug|x64.Build.0 = Debug|Any CPU
		{623566AA-9171-4200-A3BE-BB54E26711FF}.Debug|x86.ActiveCfg = Debug|Any CPU
		{623566AA-9171-4200-A3BE-BB54E26711FF}.Debug|x86.Build.0 = Debug|Any CPU
		{623566AA-9171-4200-A3BE-BB54E26711FF}.Release Kernel|Any CPU.ActiveCfg = Release|Any CPU
		{623566AA-9171-4200-A3BE-BB54E26711FF}.Release Kernel|Any CPU.Build.0 = Release|Any CPU
		{623566AA-9171-4200-A3BE-BB54E26711FF}.Release Kernel|ARM.ActiveCfg = Release|Any CPU
		{623566AA-9171-4200-A3BE-BB54E26711FF}.Release Kernel|ARM.Build.0 = Release|Any CPU
		{623566AA-9171-4200-A3BE-BB54E26711FF}.Release Kernel|ARM64.ActiveCfg = Release|Any CPU
		{623566AA-9171-4200-A3BE-BB54E26711FF}.Release Kernel|ARM64.Build.0 = Release|Any CPU
		{623566AA-9171-4200-A3BE-BB54E26711FF}.Release Kernel|x64.ActiveCfg = Release|Any CPU
		{623566AA-9171-4200-A3BE-BB54E26711FF}.Release Kernel|x64.Build.0 = Release|Any CPU
		{623566AA-9171-4200-A3BE-BB54E26711FF}.Release Kernel|x86.ActiveCfg = Release|Any CPU
		{623566AA-9171-4200-A3BE-BB54E26711FF}.Release Kernel|x86.Build.0 = Release|Any CPU
		{623566AA-9171-4200-A3BE-BB54E26711FF}.Release MD DLL|Any CPU.ActiveCfg = Release|Any CPU
		{623566AA-9171-4200-A3BE-BB54E26711FF}.Release MD DLL|Any CPU.Build.0 = Release|Any CPU
		{623566AA-9171-4200-A3BE-BB54E26711FF}.Release MD DLL|ARM.ActiveCfg = Release|Any CPU
		{623566AA-9171-4200-A3BE-BB54E26711FF}.Release MD DLL|ARM.Build.0 = Release|Any CPU
		{623566AA-9171-4200-A3BE-BB54E26711FF}.Release MD DLL|ARM64.ActiveCfg = Release|Any CPU
		{623566AA-9171-4200-A3BE-BB54E26711FF}.Release MD DLL|ARM64.Build.0 = Release|Any CPU
		{623566AA-9171-4200-A3BE-BB54E26711FF}.Release MD DLL|x64.ActiveCfg = Release|x64
		{623566AA-9171-4200-A3BE-BB54E26711FF}.Release MD DLL|x64.Build.0 = Release|x64
		{623566AA-9171-4200-A3BE-BB54E26711FF}.Release MD DLL|x86.ActiveCfg = Release|x86
		{623566AA-9171-4200-A3BE-BB54E26711FF}.Release MD DLL|x86.Build.0 = Release|x86
		{623566AA-9171-4200-A3BE-BB54E26711FF}.Release MD|Any CPU.ActiveCfg = Release|Any CPU
		{623566AA-9171-4200-A3BE-BB54E26711FF}.Release MD|Any CPU.Build.0 = Release|Any CPU
		{623566AA-9171-4200-A3BE-BB54E26711FF}.Release MD|ARM.ActiveCfg = Release|Any CPU
		{623566AA-9171-4200-A3BE-BB54E26711FF}.Release MD|ARM.Build.0 = Release|Any CPU
		{623566AA-9171-4200-A3BE-BB54E26711FF}.Release MD|ARM64.ActiveCfg = Release|Any CPU
		{623566AA-9171-4200-A3BE-BB54E26711FF}.Release MD|ARM64.Build.0 = Release|Any CPU
		{623566AA-9171-4200-A3BE-BB54E26711FF}.Release MD|x64.ActiveCfg = Release|x64
		{623566AA-9171-4200-A3BE-BB54E26711FF}.Release MD|x64.Build.0 = Release|x64
		{623566AA-9171-4200-A3BE-BB54E26711FF}.Release MD|x86.ActiveCfg = Release|x86
		{623566AA-9171-4200-A3BE-BB54E26711FF}.Release MD|x86.Build.0 = Release|x86
		{623566AA-9171-4200-A3BE-BB54E26711FF}.Release MT DLL|Any CPU.ActiveCfg = Release|Any CPU
		{623566AA-9171-4200-A3BE-BB54E26711FF}.Release MT DLL|Any CPU.Build.0 = Release|Any CPU
		{623566AA-9171-4200-A3BE-BB54E26711FF}.Release MT DLL|ARM.ActiveCfg = Release|Any CPU
		{623566AA-9171-4200-A3BE-BB54E26711FF}.Release MT DLL|ARM.Build.0 = Release|Any CPU
		{623566AA-9171-4200-A3BE-BB54E26711FF}.Release MT DLL|ARM64.ActiveCfg = Release|Any CPU
		{623566AA-9171-4200-A3BE-BB54E26711FF}.Release MT DLL|ARM64.Build.0 = Release|Any CPU
		{623566AA-9171-4200-A3BE-BB54E26711FF}.Release MT DLL|x64.ActiveCfg = Release|x64
		{623566AA-9171-4200-A3BE-BB54E26711FF}.Release MT DLL|x64.Build.0 = Release|x64
		{623566AA-9171-4200-A3BE-BB54E26711FF}.Release MT DLL|x86.ActiveCfg = Release|x86
		{623566AA-9171-4200-A3BE-BB54E26711FF}.Release MT DLL|x86.Build.0 = Release|x86
		{623566AA-9171-4200-A3BE-BB54E26711FF}.Release MT|Any CPU.ActiveCfg = Release|Any CPU
		{623566AA-9171-4200-A3BE-BB54E26711FF}.Release MT|Any CPU.Build.0 = Release|Any CPU
		{623566AA-9171-4200-A3BE-BB54E26711FF}.Release MT|ARM.ActiveCfg = Release|Any CPU
		{623566AA-9171-4200-A3BE-BB54E26711FF}.Release MT|ARM.Build.0 = Release|Any CPU
		{623566AA-9171-4200-A3BE-BB54E26711FF}.Release MT|ARM64.ActiveCfg = Release|Any CPU
		{623566AA-9171-4200-A3BE-BB54E26711FF}.Release MT|ARM64.Build.0 = Release|Any CPU
		{623566AA-9171-4200-A3BE-BB54E26711FF}.Release MT|x64.ActiveCfg = Release|x64
		{623566AA-9171-4200-A3BE-BB54E26711FF}.Release MT|x64.Build.0 = Release|x64
		{623566AA-9171-4200-A3BE-BB54E26711FF}.Release MT|x86.ActiveCfg = Release|x86
		{623566AA-9171-4200-A3BE-BB54E26711FF}.Release MT|x86.Build.0 = Release|x86
		{623566AA-9171-4200-A3BE-BB54E26711FF}.Release|Any CPU.ActiveCfg = Release|x86
		{623566AA-9171-4200-A3BE-BB54E26711FF}.Release|Any CPU.Build.0 = Release|x86
		{623566AA-9171-4200-A3BE-BB54E26711FF}.Release|ARM.ActiveCfg = Release|Any CPU
		{623566AA-9171-4200-A3BE-BB54E26711FF}.Release|ARM.Build.0 = Release|Any CPU
		{623566AA-9171-4200-A3BE-BB54E26711FF}.Release|ARM64.ActiveCfg = Release|Any CPU
		{623566AA-9171-4200-A3BE-BB54E26711FF}.Release|ARM64.Build.0 = Release|Any CPU
		{623566AA-9171-4200-A3BE-BB54E26711FF}.Release|x64.ActiveCfg = Release|Any CPU
		{623566AA-9171-4200-A3BE-BB54E26711FF}.Release|x64.Build.0 = Release|Any CPU
		{623566AA-9171-4200-A3BE-BB54E26711FF}.Release|x86.ActiveCfg = Release|Any CPU
		{623566AA-9171-4200-A3BE-BB54E26711FF}.Release|x86.Build.0 = Release|Any CPU
		{08589709-10A7-450B-992F-6D1367ED5552}.Debug Kernel|Any CPU.ActiveCfg = Debug|Win32
		{08589709-10A7-450B-992F-6D1367ED5552}.Debug Kernel|Any CPU.Build.0 = Debug|Win32
		{08589709-10A7-450B-992F-6D1367ED5552}.Debug Kernel|Any CPU.Deploy.0 = Debug|Win32
		{08589709-10A7-450B-992F-6D1367ED5552}.Debug Kernel|ARM.ActiveCfg = Debug|ARM
		{08589709-10A7-450B-992F-6D1367ED5552}.Debug Kernel|ARM.Build.0 = Debug|ARM
		{08589709-10A7-450B-992F-6D1367ED5552}.Debug Kernel|ARM.Deploy.0 = Debug|ARM
		{08589709-10A7-450B-992F-6D1367ED5552}.Debug Kernel|ARM64.ActiveCfg = Debug|ARM64
		{08589709-10A7-450B-992F-6D1367ED5552}.Debug Kernel|ARM64.Build.0 = Debug|ARM64
		{08589709-10A7-450B-992F-6D1367ED5552}.Debug Kernel|ARM64.Deploy.0 = Debug|ARM64
		{08589709-10A7-450B-992F-6D1367ED5552}.Debug Kernel|x64.ActiveCfg = Debug|x64
		{08589709-10A7-450B-992F-6D1367ED5552}.Debug Kernel|x64.Build.0 = Debug|x64
		{08589709-10A7-450B-992F-6D1367ED5552}.Debug Kernel|x64.Deploy.0 = Debug|x64
		{08589709-10A7-450B-992F-6D1367ED5552}.Debug Kernel|x86.ActiveCfg = Debug|Win32
		{08589709-10A7-450B-992F-6D1367ED5552}.Debug Kernel|x86.Build.0 = Debug|Win32
		{08589709-10A7-450B-992F-6D1367ED5552}.Debug Kernel|x86.Deploy.0 = Debug|Win32
		{08589709-10A7-450B-992F-6D1367ED5552}.Debug MD DLL|Any CPU.ActiveCfg = Debug|Win32
		{08589709-10A7-450B-992F-6D1367ED5552}.Debug MD DLL|Any CPU.Build.0 = Debug|Win32
		{08589709-10A7-450B-992F-6D1367ED5552}.Debug MD DLL|Any CPU.Deploy.0 = Debug|Win32
		{08589709-10A7-450B-992F-6D1367ED5552}.Debug MD DLL|ARM.ActiveCfg = Debug|ARM
		{08589709-10A7-450B-992F-6D1367ED5552}.Debug MD DLL|ARM.Build.0 = Debug|ARM
		{08589709-10A7-450B-992F-6D1367ED5552}.Debug MD DLL|ARM.Deploy.0 = Debug|ARM
		{08589709-10A7-450B-992F-6D1367ED5552}.Debug MD DLL|ARM64.ActiveCfg = Debug|ARM64
		{08589709-10A7-450B-992F-6D1367ED5552}.Debug MD DLL|ARM64.Build.0 = Debug|ARM64
		{08589709-10A7-450B-992F-6D1367ED5552}.Debug MD DLL|ARM64.Deploy.0 = Debug|ARM64
		{08589709-10A7-450B-992F-6D1367ED5552}.Debug MD DLL|x64.ActiveCfg = Debug|x64
		{08589709-10A7-450B-992F-6D1367ED5552}.Debug MD DLL|x64.Build.0 = Debug|x64
		{08589709-10A7-450B-992F-6D1367ED5552}.Debug MD DLL|x64.Deploy.0 = Debug|x64
		{08589709-10A7-450B-992F-6D1367ED5552}.Debug MD DLL|x86.ActiveCfg = Debug|Win32
		{08589709-10A7-450B-992F-6D1367ED5552}.Debug MD DLL|x86.Build.0 = Debug|Win32
		{08589709-10A7-450B-992F-6D1367ED5552}.Debug MD DLL|x86.Deploy.0 = Debug|Win32
		{08589709-10A7-450B-992F-6D1367ED5552}.Debug MD|Any CPU.ActiveCfg = Debug|Win32
		{08589709-10A7-450B-992F-6D1367ED5552}.Debug MD|Any CPU.Build.0 = Debug|Win32
		{08589709-10A7-450B-992F-6D1367ED5552}.Debug MD|Any CPU.Deploy.0 = Debug|Win32
		{08589709-10A7-450B-992F-6D1367ED5552}.Debug MD|ARM.ActiveCfg = Debug|ARM
		{08589709-10A7-450B-992F-6D1367ED5552}.Debug MD|ARM.Build.0 = Debug|ARM
		{08589709-10A7-450B-992F-6D1367ED5552}.Debug MD|ARM.Deploy.0 = Debug|ARM
		{08589709-10A7-450B-992F-6D1367ED5552}.Debug MD|ARM64.ActiveCfg = Debug|ARM64
		{08589709-10A7-450B-992F-6D1367ED5552}.Debug MD|ARM64.Build.0 = Debug|ARM64
		{08589709-10A7-450B-992F-6D1367ED5552}.Debug MD|ARM64.Deploy.0 = Debug|ARM64
		{08589709-10A7-450B-992F-6D1367ED5552}.Debug MD|x64.ActiveCfg = Debug|x64
		{08589709-10A7-450B-992F-6D1367ED5552}.Debug MD|x64.Build.0 = Debug|x64
		{08589709-10A7-450B-992F-6D1367ED5552}.Debug MD|x64.Deploy.0 = Debug|x64
		{08589709-10A7-450B-992F-6D1367ED5552}.Debug MD|x86.ActiveCfg = Debug|Win32
		{08589709-10A7-450B-992F-6D1367ED5552}.Debug MD|x86.Build.0 = Debug|Win32
		{08589709-10A7-450B-992F-6D1367ED5552}.Debug MD|x86.Deploy.0 = Debug|Win32
		{08589709-10A7-450B-992F-6D1367ED5552}.Debug MT DLL|Any CPU.ActiveCfg = Debug|Win32
		{08589709-10A7-450B-992F-6D1367ED5552}.Debug MT DLL|Any CPU.Build.0 = Debug|Win32
		{08589709-10A7-450B-992F-6D1367ED5552}.Debug MT DLL|Any CPU.Deploy.0 = Debug|Win32
		{08589709-10A7-450B-992F-6D1367ED5552}.Debug MT DLL|ARM.ActiveCfg = Debug|ARM
		{08589709-10A7-450B-992F-6D1367ED5552}.Debug MT DLL|ARM.Build.0 = Debug|ARM
		{08589709-10A7-450B-992F-6D1367ED5552}.Debug MT DLL|ARM.Deploy.0 = Debug|ARM
		{08589709-10A7-450B-992F-6D1367ED5552}.Debug MT DLL|ARM64.ActiveCfg = Debug|ARM64
		{08589709-10A7-450B-992F-6D1367ED5552}.Debug MT DLL|ARM64.Build.0 = Debug|ARM64
		{08589709-10A7-450B-992F-6D1367ED5552}.Debug MT DLL|ARM64.Deploy.0 = Debug|ARM64
		{08589709-10A7-450B-992F-6D1367ED5552}.Debug MT DLL|x64.ActiveCfg = Debug|x64
		{08589709-10A7-450B-992F-6D1367ED5552}.Debug MT DLL|x64.Build.0 = Debug|x64
		{08589709-10A7-450B-992F-6D1367ED5552}.Debug MT DLL|x64.Deploy.0 = Debug|x64
		{08589709-10A7-450B-992F-6D1367ED5552}.Debug MT DLL|x86.ActiveCfg = Debug|Win32
		{08589709-10A7-450B-992F-6D1367ED5552}.Debug MT DLL|x86.Build.0 = Debug|Win32
		{08589709-10A7-450B-992F-6D1367ED5552}.Debug MT DLL|x86.Deploy.0 = Debug|Win32
		{08589709-10A7-450B-992F-6D1367ED5552}.Debug MT|Any CPU.ActiveCfg = Debug|Win32
		{08589709-10A7-450B-992F-6D1367ED5552}.Debug MT|Any CPU.Build.0 = Debug|Win32
		{08589709-10A7-450B-992F-6D1367ED5552}.Debug MT|Any CPU.Deploy.0 = Debug|Win32
		{08589709-10A7-450B-992F-6D1367ED5552}.Debug MT|ARM.ActiveCfg = Debug|ARM
		{08589709-10A7-450B-992F-6D1367ED5552}.Debug MT|ARM.Build.0 = Debug|ARM
		{08589709-10A7-450B-992F-6D1367ED5552}.Debug MT|ARM.Deploy.0 = Debug|ARM
		{08589709-10A7-450B-992F-6D1367ED5552}.Debug MT|ARM64.ActiveCfg = Debug|ARM64
		{08589709-10A7-450B-992F-6D1367ED5552}.Debug MT|ARM64.Build.0 = Debug|ARM64
		{08589709-10A7-450B-992F-6D1367ED5552}.Debug MT|ARM64.Deploy.0 = Debug|ARM64
		{08589709-10A7-450B-992F-6D1367ED5552}.Debug MT|x64.ActiveCfg = Debug|x64
		{08589709-10A7-450B-992F-6D1367ED5552}.Debug MT|x64.Build.0 = Debug|x64
		{08589709-10A7-450B-992F-6D1367ED5552}.Debug MT|x64.Deploy.0 = Debug|x64
		{08589709-10A7-450B-992F-6D1367ED5552}.Debug MT|x86.ActiveCfg = Debug|Win32
		{08589709-10A7-450B-992F-6D1367ED5552}.Debug MT|x86.Build.0 = Debug|Win32
		{08589709-10A7-450B-992F-6D1367ED5552}.Debug MT|x86.Deploy.0 = Debug|Win32
		{08589709-10A7-450B-992F-6D1367ED5552}.Debug|Any CPU.ActiveCfg = Debug|Win32
		{08589709-10A7-450B-992F-6D1367ED5552}.Debug|ARM.ActiveCfg = Debug|ARM
		{08589709-10A7-450B-992F-6D1367ED5552}.Debug|ARM.Build.0 = Debug|ARM
		{08589709-10A7-450B-992F-6D1367ED5552}.Debug|ARM.Deploy.0 = Debug|ARM
		{08589709-10A7-450B-992F-6D1367ED5552}.Debug|ARM64.ActiveCfg = Debug|ARM64
		{08589709-10A7-450B-992F-6D1367ED5552}.Debug|ARM64.Build.0 = Debug|ARM64
		{08589709-10A7-450B-992F-6D1367ED5552}.Debug|ARM64.Deploy.0 = Debug|ARM64
		{08589709-10A7-450B-992F-6D1367ED5552}.Debug|x64.ActiveCfg = Debug|x64
		{08589709-10A7-450B-992F-6D1367ED5552}.Debug|x64.Build.0 = Debug|x64
		{08589709-10A7-450B-992F-6D1367ED5552}.Debug|x64.Deploy.0 = Debug|x64
		{08589709-10A7-450B-992F-6D1367ED5552}.Debug|x86.ActiveCfg = Debug|Win32
		{08589709-10A7-450B-992F-6D1367ED5552}.Debug|x86.Build.0 = Debug|Win32
		{08589709-10A7-450B-992F-6D1367ED5552}.Debug|x86.Deploy.0 = Debug|Win32
		{08589709-10A7-450B-992F-6D1367ED5552}.Release Kernel|Any CPU.ActiveCfg = Debug|Win32
		{08589709-10A7-450B-992F-6D1367ED5552}.Release Kernel|Any CPU.Build.0 = Debug|Win32
		{08589709-10A7-450B-992F-6D1367ED5552}.Release Kernel|Any CPU.Deploy.0 = Debug|Win32
		{08589709-10A7-450B-992F-6D1367ED5552}.Release Kernel|ARM.ActiveCfg = Release|ARM
		{08589709-10A7-450B-992F-6D1367ED5552}.Release Kernel|ARM.Build.0 = Release|ARM
		{08589709-10A7-450B-992F-6D1367ED5552}.Release Kernel|ARM.Deploy.0 = Release|ARM
		{08589709-10A7-450B-992F-6D1367ED5552}.Release Kernel|ARM64.ActiveCfg = Release|ARM64
		{08589709-10A7-450B-992F-6D1367ED5552}.Release Kernel|ARM64.Build.0 = Release|ARM64
		{08589709-10A7-450B-992F-6D1367ED5552}.Release Kernel|ARM64.Deploy.0 = Release|ARM64
		{08589709-10A7-450B-992F-6D1367ED5552}.Release Kernel|x64.ActiveCfg = Release|x64
		{08589709-10A7-450B-992F-6D1367ED5552}.Release Kernel|x64.Build.0 = Release|x64
		{08589709-10A7-450B-992F-6D1367ED5552}.Release Kernel|x64.Deploy.0 = Release|x64
		{08589709-10A7-450B-992F-6D1367ED5552}.Release Kernel|x86.ActiveCfg = Release|Win32
		{08589709-10A7-450B-992F-6D1367ED5552}.Release Kernel|x86.Build.0 = Release|Win32
		{08589709-10A7-450B-992F-6D1367ED5552}.Release Kernel|x86.Deploy.0 = Release|Win32
		{08589709-10A7-450B-992F-6D1367ED5552}.Release MD DLL|Any CPU.ActiveCfg = Debug|Win32
		{08589709-10A7-450B-992F-6D1367ED5552}.Release MD DLL|Any CPU.Build.0 = Debug|Win32
		{08589709-10A7-450B-992F-6D1367ED5552}.Release MD DLL|Any CPU.Deploy.0 = Debug|Win32
		{08589709-10A7-450B-992F-6D1367ED5552}.Release MD DLL|ARM.ActiveCfg = Release|ARM
		{08589709-10A7-450B-992F-6D1367ED5552}.Release MD DLL|ARM.Build.0 = Release|ARM
		{08589709-10A7-450B-992F-6D1367ED5552}.Release MD DLL|ARM.Deploy.0 = Release|ARM
		{08589709-10A7-450B-992F-6D1367ED5552}.Release MD DLL|ARM64.ActiveCfg = Release|ARM64
		{08589709-10A7-450B-992F-6D1367ED5552}.Release MD DLL|ARM64.Build.0 = Release|ARM64
		{08589709-10A7-450B-992F-6D1367ED5552}.Release MD DLL|ARM64.Deploy.0 = Release|ARM64
		{08589709-10A7-450B-992F-6D1367ED5552}.Release MD DLL|x64.ActiveCfg = Release|x64
		{08589709-10A7-450B-992F-6D1367ED5552}.Release MD DLL|x64.Build.0 = Release|x64
		{08589709-10A7-450B-992F-6D1367ED5552}.Release MD DLL|x64.Deploy.0 = Release|x64
		{08589709-10A7-450B-992F-6D1367ED5552}.Release MD DLL|x86.ActiveCfg = Release|Win32
		{08589709-10A7-450B-992F-6D1367ED5552}.Release MD DLL|x86.Build.0 = Release|Win32
		{08589709-10A7-450B-992F-6D1367ED5552}.Release MD DLL|x86.Deploy.0 = Release|Win32
		{08589709-10A7-450B-992F-6D1367ED5552}.Release MD|Any CPU.ActiveCfg = Debug|Win32
		{08589709-10A7-450B-992F-6D1367ED5552}.Release MD|Any CPU.Build.0 = Debug|Win32
		{08589709-10A7-450B-992F-6D1367ED5552}.Release MD|Any CPU.Deploy.0 = Debug|Win32
		{08589709-10A7-450B-992F-6D1367ED5552}.Release MD|ARM.ActiveCfg = Release|ARM
		{08589709-10A7-450B-992F-6D1367ED5552}.Release MD|ARM.Build.0 = Release|ARM
		{08589709-10A7-450B-992F-6D1367ED5552}.Release MD|ARM.Deploy.0 = Release|ARM
		{08589709-10A7-450B-992F-6D1367ED5552}.Release MD|ARM64.ActiveCfg = Release|ARM64
		{08589709-10A7-450B-992F-6D1367ED5552}.Release MD|ARM64.Build.0 = Release|ARM64
		{08589709-10A7-450B-992F-6D1367ED5552}.Release MD|ARM64.Deploy.0 = Release|ARM64
		{08589709-10A7-450B-992F-6D1367ED5552}.Release MD|x64.ActiveCfg = Release|x64
		{08589709-10A7-450B-992F-6D1367ED5552}.Release MD|x64.Build.0 = Release|x64
		{08589709-10A7-450B-992F-6D1367ED5552}.Release MD|x64.Deploy.0 = Release|x64
		{08589709-10A7-450B-992F-6D1367ED5552}.Release MD|x86.ActiveCfg = Release|Win32
		{08589709-10A7-450B-992F-6D1367ED5552}.Release MD|x86.Build.0 = Release|Win32
		{08589709-10A7-450B-992F-6D1367ED5552}.Release MD|x86.Deploy.0 = Release|Win32
		{08589709-10A7-450B-992F-6D1367ED5552}.Release MT DLL|Any CPU.ActiveCfg = Debug|Win32
		{08589709-10A7-450B-992F-6D1367ED5552}.Release MT DLL|Any CPU.Build.0 = Debug|Win32
		{08589709-10A7-450B-992F-6D1367ED5552}.Release MT DLL|Any CPU.Deploy.0 = Debug|Win32
		{08589709-10A7-450B-992F-6D1367ED5552}.Release MT DLL|ARM.ActiveCfg = Release|ARM
		{08589709-10A7-450B-992F-6D1367ED5552}.Release MT DLL|ARM.Build.0 = Release|ARM
		{08589709-10A7-450B-992F-6D1367ED5552}.Release MT DLL|ARM.Deploy.0 = Release|ARM
		{08589709-10A7-450B-992F-6D1367ED5552}.Release MT DLL|ARM64.ActiveCfg = Release|ARM64
		{08589709-10A7-450B-992F-6D1367ED5552}.Release MT DLL|ARM64.Build.0 = Release|ARM64
		{08589709-10A7-450B-992F-6D1367ED5552}.Release MT DLL|ARM64.Deploy.0 = Release|ARM64
		{08589709-10A7-450B-992F-6D1367ED5552}.Release MT DLL|x64.ActiveCfg = Release|x64
		{08589709-10A7-450B-992F-6D1367ED5552}.Release MT DLL|x64.Build.0 = Release|x64
		{08589709-10A7-450B-992F-6D1367ED5552}.Release MT DLL|x64.Deploy.0 = Release|x64
		{08589709-10A7-450B-992F-6D1367ED5552}.Release MT DLL|x86.ActiveCfg = Release|Win32
		{08589709-10A7-450B-992F-6D1367ED5552}.Release MT DLL|x86.Build.0 = Release|Win32
		{08589709-10A7-450B-992F-6D1367ED5552}.Release MT DLL|x86.Deploy.0 = Release|Win32
		{08589709-10A7-450B-992F-6D1367ED5552}.Release MT|Any CPU.ActiveCfg = Debug|Win32
		{08589709-10A7-450B-992F-6D1367ED5552}.Release MT|Any CPU.Build.0 = Debug|Win32
		{08589709-10A7-450B-992F-6D1367ED5552}.Release MT|Any CPU.Deploy.0 = Debug|Win32
		{08589709-10A7-450B-992F-6D1367ED5552}.Release MT|ARM.ActiveCfg = Release|ARM
		{08589709-10A7-450B-992F-6D1367ED5552}.Release MT|ARM.Build.0 = Release|ARM
		{08589709-10A7-450B-992F-6D1367ED5552}.Release MT|ARM.Deploy.0 = Release|ARM
		{08589709-10A7-450B-992F-6D1367ED5552}.Release MT|ARM64.ActiveCfg = Release|ARM64
		{08589709-10A7-450B-992F-6D1367ED5552}.Release MT|ARM64.Build.0 = Release|ARM64
		{08589709-10A7-450B-992F-6D1367ED5552}.Release MT|ARM64.Deploy.0 = Release|ARM64
		{08589709-10A7-450B-992F-6D1367ED5552}.Release MT|x64.ActiveCfg = Release|x64
		{08589709-10A7-450B-992F-6D1367ED5552}.Release MT|x64.Build.0 = Release|x64
		{08589709-10A7-450B-992F-6D1367ED5552}.Release MT|x64.Deploy.0 = Release|x64
		{08589709-10A7-450B-992F-6D1367ED5552}.Release MT|x86.ActiveCfg = Release|Win32
		{08589709-10A7-450B-992F-6D1367ED5552}.Release MT|x86.Build.0 = Release|Win32
		{08589709-10A7-450B-992F-6D1367ED5552}.Release MT|x86.Deploy.0 = Release|Win32
		{08589709-10A7-450B-992F-6D1367ED5552}.Release|Any CPU.ActiveCfg = Release|x64
		{08589709-10A7-450B-992F-6D1367ED5552}.Release|ARM.ActiveCfg = Release|ARM
		{08589709-10A7-450B-992F-6D1367ED5552}.Release|ARM.Build.0 = Release|ARM
		{08589709-10A7-450B-992F-6D1367ED5552}.Release|ARM.Deploy.0 = Release|ARM
		{08589709-10A7-450B-992F-6D1367ED5552}.Release|ARM64.ActiveCfg = Release|ARM64
		{08589709-10A7-450B-992F-6D1367ED5552}.Release|ARM64.Build.0 = Release|ARM64
		{08589709-10A7-450B-992F-6D1367ED5552}.Release|ARM64.Deploy.0 = Release|ARM64
		{08589709-10A7-450B-992F-6D1367ED5552}.Release|x64.ActiveCfg = Release|x64
		{08589709-10A7-450B-992F-6D1367ED5552}.Release|x64.Build.0 = Release|x64
		{08589709-10A7-450B-992F-6D1367ED5552}.Release|x64.Deploy.0 = Release|x64
		{08589709-10A7-450B-992F-6D1367ED5552}.Release|x86.ActiveCfg = Release|Win32
		{08589709-10A7-450B-992F-6D1367ED5552}.Release|x86.Build.0 = Release|Win32
		{08589709-10A7-450B-992F-6D1367ED5552}.Release|x86.Deploy.0 = Release|Win32
	EndGlobalSection
	GlobalSection(SolutionProperties) = preSolution
		HideSolutionNode = FALSE
	EndGlobalSection
	GlobalSection(ExtensibilityGlobals) = postSolution
		SolutionGuid = {180F227E-D01A-4116-8530-511E51696F77}
	EndGlobalSection
EndGlobal
